
Microsoft Visual Studio Solution File, Format Version 12.00
# Visual Studio Version 17
VisualStudioVersion = 17.11.35201.85
MinimumVisualStudioVersion = 10.0.40219.1
Project("{FAE04EC0-301F-11D3-BF4B-00C04F79EFBC}") = "GetImageFromPdf", "GetImageFromPdf\GetImageFromPdf.csproj", "{9A74532C-7339-4986-98F7-BBD4EA1034FA}"
EndProject
Project("{888888A0-9F3D-457C-B088-3A5042F75D52}") = "ScriptGetImage", "ScriptGetImage\ScriptGetImage.pyproj", "{0688ADDE-2124-47BC-A69C-FD96545D49DC}"
EndProject
Global
	GlobalSection(SolutionConfigurationPlatforms) = preSolution
		Debug|Any CPU = Debug|Any CPU
		Release|Any CPU = Release|Any CPU
	EndGlobalSection
	GlobalSection(ProjectConfigurationPlatforms) = postSolution
		{9A74532C-7339-4986-98F7-BBD4EA1034FA}.Debug|Any CPU.ActiveCfg = Debug|Any CPU
		{9A74532C-7339-4986-98F7-BBD4EA1034FA}.Debug|Any CPU.Build.0 = Debug|Any CPU
		{9A74532C-7339-4986-98F7-BBD4EA1034FA}.Release|Any CPU.ActiveCfg = Release|Any CPU
		{9A74532C-7339-4986-98F7-BBD4EA1034FA}.Release|Any CPU.Build.0 = Release|Any CPU
		{0688ADDE-2124-47BC-A69C-FD96545D49DC}.Debug|Any CPU.ActiveCfg = Debug|Any CPU
		{0688ADDE-2124-47BC-A69C-FD96545D49DC}.Release|Any CPU.ActiveCfg = Release|Any CPU
	EndGlobalSection
	GlobalSection(SolutionProperties) = preSolution
		HideSolutionNode = FALSE
	EndGlobalSection
	GlobalSection(ExtensibilityGlobals) = postSolution
		SolutionGuid = {1CDD1C0A-6FFF-4876-BA05-865A0514F074}
	EndGlobalSection
EndGlobal
