
Microsoft Visual Studio Solution File, Format Version 12.00
# Visual Studio Version 17
VisualStudioVersion = 17.11.35201.85
MinimumVisualStudioVersion = 10.0.40219.1
Project("{FAE04EC0-301F-11D3-BF4B-00C04F79EFBC}") = "WinFormServer", "WinFormServer\WinFormServer.csproj", "{00EE10F1-83AA-47D0-96D9-295332372EE3}"
EndProject
Global
	GlobalSection(SolutionConfigurationPlatforms) = preSolution
		Debug|Any CPU = Debug|Any CPU
		Release|Any CPU = Release|Any CPU
	EndGlobalSection
	GlobalSection(ProjectConfigurationPlatforms) = postSolution
		{00EE10F1-83AA-47D0-96D9-295332372EE3}.Debug|Any CPU.ActiveCfg = Debug|Any CPU
		{00EE10F1-83AA-47D0-96D9-295332372EE3}.Debug|Any CPU.Build.0 = Debug|Any CPU
		{00EE10F1-83AA-47D0-96D9-295332372EE3}.Release|Any CPU.ActiveCfg = Release|Any CPU
		{00EE10F1-83AA-47D0-96D9-295332372EE3}.Release|Any CPU.Build.0 = Release|Any CPU
	EndGlobalSection
	GlobalSection(SolutionProperties) = preSolution
		HideSolutionNode = FALSE
	EndGlobalSection
	GlobalSection(ExtensibilityGlobals) = postSolution
		SolutionGuid = {27D99A0D-E396-4457-B04B-B883A5F990DE}
	EndGlobalSection
EndGlobal
