
Microsoft Visual Studio Solution File, Format Version 12.00
# Visual Studio Version 17
VisualStudioVersion = 17.9.34511.98
MinimumVisualStudioVersion = 10.0.40219.1
Project("{9A19103F-16F7-4668-BE54-9A1E7A4F7556}") = "ConsoleApp1", "ConsoleApp1.csproj", "{3B73B218-70D1-45AA-9AD1-0BC297CF31EB}"
EndProject
Project("{9A19103F-16F7-4668-BE54-9A1E7A4F7556}") = "ConsoleApp2", "..\ConsoleApp2\ConsoleApp2.csproj", "{E87605FC-6839-43C4-84FF-71BA914BB06F}"
EndProject
Project("{9A19103F-16F7-4668-BE54-9A1E7A4F7556}") = "Arithmetic", "..\Arithmetic\Arithmetic.csproj", "{9D5F8A6A-E3BD-472B-A688-79A462E0F0C6}"
EndProject
Project("{9A19103F-16F7-4668-BE54-9A1E7A4F7556}") = "EqualityAndRelationalOperators", "..\EqualityAndRelationalOperators\EqualityAndRelationalOperators.csproj", "{E67A07CD-0AB9-4213-B517-5D0F225E3C60}"
EndProject
Project("{9A19103F-16F7-4668-BE54-9A1E7A4F7556}") = "ControlStatementsP1", "..\ControlStatementsP1\ControlStatementsP1.csproj", "{FFF902F7-0B0F-4A59-B781-385137D13A5D}"
EndProject
Project("{9A19103F-16F7-4668-BE54-9A1E7A4F7556}") = "ifStatementClass", "..\ifStatementClass\ifStatementClass.csproj", "{CA580B30-E8BB-47CF-AF87-7B218775CD44}"
EndProject
Project("{9A19103F-16F7-4668-BE54-9A1E7A4F7556}") = "WhileIterationStatement", "..\WhileIterationStatement\WhileIterationStatement.csproj", "{D52A95C7-C17E-41C9-887D-3A9E87DAEA27}"
EndProject
Project("{9A19103F-16F7-4668-BE54-9A1E7A4F7556}") = "WhileIteratorSentinelControlled", "..\WhileIteratorSentinelControlled\WhileIteratorSentinelControlled.csproj", "{7AE54603-3295-4D3D-9778-2C8BAD11E47F}"
EndProject
Project("{9A19103F-16F7-4668-BE54-9A1E7A4F7556}") = "ForIteratorStatement", "..\ForIteratorStatement\ForIteratorStatement.csproj", "{4664F98F-9699-473E-88B3-0B3D0E2BD650}"
EndProject
Project("{9A19103F-16F7-4668-BE54-9A1E7A4F7556}") = "DoWhileStatement", "..\DoWhileStatement\DoWhileStatement.csproj", "{059BE465-0C3D-4854-8A9F-9F12B93515DE}"
EndProject
Project("{9A19103F-16F7-4668-BE54-9A1E7A4F7556}") = "SwitchMultipleStatement", "..\SwitchMultipleStatement\SwitchMultipleStatement.csproj", "{36908F1D-EEA5-4BE6-BEBF-F7F8D07BD178}"
EndProject
Project("{9A19103F-16F7-4668-BE54-9A1E7A4F7556}") = "BreackAndContinueStatements", "..\BreackAndContinueStatements\BreackAndContinueStatements.csproj", "{C3491124-F8A2-40B2-B485-B3BDB7AF9ACA}"
EndProject
Project("{9A19103F-16F7-4668-BE54-9A1E7A4F7556}") = "LogicalOperatorsExample", "..\LogicalOperatorsExample\LogicalOperatorsExample.csproj", "{F824566D-C5EB-4E81-8876-E1CFF44E81F6}"
EndProject
Project("{9A19103F-16F7-4668-BE54-9A1E7A4F7556}") = "Test", "..\Test\Test.csproj", "{526490A1-AF62-4E39-B0D9-68A8FC7A6779}"
EndProject
Project("{9A19103F-16F7-4668-BE54-9A1E7A4F7556}") = "RandomNumberGeneration", "..\RandomNumberGeneration\RandomNumberGeneration.csproj", "{9DFE30A8-48D1-4FA0-A470-983F7B1B9589}"
EndProject
Project("{9A19103F-16F7-4668-BE54-9A1E7A4F7556}") = "ThisIsEnum", "..\ThisIsEnum\ThisIsEnum.csproj", "{532AF9FA-FFF9-41B9-A34C-F0D46A1F699F}"
EndProject
Project("{9A19103F-16F7-4668-BE54-9A1E7A4F7556}") = "ThisIsArrays", "..\ThisIsArrays\ThisIsArrays.csproj", "{C6321A59-DB2C-4C8D-AB9F-1EA22661BA1A}"
EndProject
Project("{9A19103F-16F7-4668-BE54-9A1E7A4F7556}") = "ThisIsMultidimensionalArray", "..\ThisIsMultidimensionalArray\ThisIsMultidimensionalArray.csproj", "{770D0C50-8488-4B86-B3EF-08D5C0DD01F1}"
EndProject
Project("{9A19103F-16F7-4668-BE54-9A1E7A4F7556}") = "VariableLengthArgumentList", "..\VariableLengthArgumentList\VariableLengthArgumentList.csproj", "{D6CCA797-DA3F-4C38-AB8C-AEEAF571A845}"
EndProject
Project("{9A19103F-16F7-4668-BE54-9A1E7A4F7556}") = "UsingCommandLineArguments", "..\UsingCommandLineArguments\UsingCommandLineArguments.csproj", "{C197B1BF-84E6-4827-AC46-5C55CC8E984A}"
EndProject
Project("{9A19103F-16F7-4668-BE54-9A1E7A4F7556}") = "ArrayOfIntValuesUsingLINQ", "..\ArrayOfIntValuesUsingLINQ\ArrayOfIntValuesUsingLINQ.csproj", "{EC23048D-A166-41E2-9928-688B70D057F2}"
EndProject
Project("{9A19103F-16F7-4668-BE54-9A1E7A4F7556}") = "ThisIsCollections", "..\ThisIsCollections\ThisIsCollections.csproj", "{41B33301-38C2-4063-8754-F67C79BDCB21}"
EndProject
Project("{9A19103F-16F7-4668-BE54-9A1E7A4F7556}") = "ThisIsListAndUsingLINQ", "..\ThisIsListAndUsingLINQ\ThisIsListAndUsingLINQ.csproj", "{97D3B2B0-F369-47D3-862F-46A9AD25B3BE}"
EndProject
Project("{9A19103F-16F7-4668-BE54-9A1E7A4F7556}") = "ClassesAndObjects", "..\ClassesAndObjects\ClassesAndObjects.csproj", "{8E93CE6B-171B-47A8-83BE-D55CDA1807EF}"
EndProject
Project("{9A19103F-16F7-4668-BE54-9A1E7A4F7556}") = "ThisReference", "..\ThisReference\ThisReference.csproj", "{14728FBA-EFE4-4C44-B5E1-D8CAC60F248C}"
EndProject
Project("{9A19103F-16F7-4668-BE54-9A1E7A4F7556}") = "OverloadedConstructors", "..\OverloadedConstructors\OverloadedConstructors.csproj", "{43B38469-052E-4FB1-9693-2AE17909A0D4}"
EndProject
Project("{9A19103F-16F7-4668-BE54-9A1E7A4F7556}") = "Composition", "..\Composition\Composition.csproj", "{8FB06A50-CECC-48DE-BAC7-930F5969189F}"
EndProject
Project("{9A19103F-16F7-4668-BE54-9A1E7A4F7556}") = "ConsoleApp3", "..\ConsoleApp3\ConsoleApp3.csproj", "{DBED8A83-FC00-47DE-A789-C1D0FC0F86B9}"
EndProject
Project("{9A19103F-16F7-4668-BE54-9A1E7A4F7556}") = "BinarySearch", "..\BinarySearch\BinarySearch.csproj", "{FC058FB4-9856-44CC-8754-751A698B012F}"
EndProject
Project("{9A19103F-16F7-4668-BE54-9A1E7A4F7556}") = "Practice1", "..\Practice1\Practice1.csproj", "{CF5AD1BD-9376-4914-8D26-77CF9B3A752A}"
EndProject
Project("{9A19103F-16F7-4668-BE54-9A1E7A4F7556}") = "OperatorOverloading", "..\OperatorOverloading\OperatorOverloading.csproj", "{2DA8DEAD-9A2A-4A35-825A-F6A385DF2904}"
EndProject
Project("{9A19103F-16F7-4668-BE54-9A1E7A4F7556}") = "Inheritance", "..\Inheritance\Inheritance.csproj", "{60C7325B-806F-454A-BA54-AC54F7DCBF09}"
EndProject
Project("{9A19103F-16F7-4668-BE54-9A1E7A4F7556}") = "Inheritance2", "..\Inheritance2\Inheritance2.csproj", "{F92791DC-23F4-4DED-A495-0CBDA9B5121D}"
EndProject
Project("{9A19103F-16F7-4668-BE54-9A1E7A4F7556}") = "Inheritance3", "..\Inheritance3\Inheritance3.csproj", "{3A02E688-8A38-426C-8F9F-E2E5B8DE2D26}"
EndProject
Project("{9A19103F-16F7-4668-BE54-9A1E7A4F7556}") = "Polymorphism", "..\Polymorphism\Polymorphism.csproj", "{168FA1EC-AF64-4B23-9CBC-DD3F910F092D}"
EndProject
Project("{9A19103F-16F7-4668-BE54-9A1E7A4F7556}") = "AbstractClassesAndMethods", "..\AbstractClassesAndMethods\AbstractClassesAndMethods.csproj", "{6F497CA1-46E7-4DE9-9587-69214DC14B56}"
EndProject
Project("{9A19103F-16F7-4668-BE54-9A1E7A4F7556}") = "UsingInterface", "..\UsingInterface\UsingInterface.csproj", "{2F827527-7B14-47FF-A45C-D0441EF4734F}"
EndProject
Project("{9A19103F-16F7-4668-BE54-9A1E7A4F7556}") = "ExtensionMethods", "..\ExtensionMethods\ExtensionMethods.csproj", "{9AA6D001-54AE-4317-AF3A-6E26161DA193}"
EndProject
Project("{9A19103F-16F7-4668-BE54-9A1E7A4F7556}") = "Generics", "..\Generics\Generics.csproj", "{EC585D62-2A9C-4EBD-B174-28C63B06304A}"
EndProject
Project("{FAE04EC0-301F-11D3-BF4B-00C04F79EFBC}") = "LambdaExpression", "..\LambdaExpression\LambdaExpression.csproj", "{88C04588-0CD5-491E-B996-5C245BDC7C25}"
EndProject
Project("{FAE04EC0-301F-11D3-BF4B-00C04F79EFBC}") = "Delegates", "..\Delegates\Delegates.csproj", "{1CD124C5-0E35-455D-A44E-49232E1FB1E2}"
EndProject
Project("{FAE04EC0-301F-11D3-BF4B-00C04F79EFBC}") = "FunctionalProgramming", "..\FunctionalProgramming\FunctionalProgramming.csproj", "{5FD4CCAE-44C8-40B1-BA04-D13403101401}"
EndProject
Project("{9A19103F-16F7-4668-BE54-9A1E7A4F7556}") = "Practice2Linq", "..\Practice2Linq\Practice2Linq.csproj", "{49EC4BBE-DB73-4D40-8249-C06539FF911F}"
EndProject
Project("{FAE04EC0-301F-11D3-BF4B-00C04F79EFBC}") = "DictionaryCollection", "..\DictionaryCollection\DictionaryCollection.csproj", "{0FF542FB-8F9B-41A8-B0B0-680C23DA250B}"
EndProject
Project("{FAE04EC0-301F-11D3-BF4B-00C04F79EFBC}") = "ThisIsTask", "..\ThisIsTask\ThisIsTask.csproj", "{A9432038-D3C3-481C-954F-D72B5E5B48ED}"
EndProject
Project("{FAE04EC0-301F-11D3-BF4B-00C04F79EFBC}") = "ThisIsTask2", "..\ThisIsTask2\ThisIsTask2.csproj", "{BBF9AB0D-68A2-46AC-9696-5B29B72058B7}"
EndProject
Project("{FAE04EC0-301F-11D3-BF4B-00C04F79EFBC}") = "ThisIsTask3", "..\ThisIsTask3\ThisIsTask3.csproj", "{E822FD77-4DE7-494E-91D1-D470E6CB839D}"
EndProject
Project("{FAE04EC0-301F-11D3-BF4B-00C04F79EFBC}") = "ThisIsJSON", "..\ThisIsJSON\ThisIsJSON.csproj", "{20E019D0-1A33-4F05-9CBF-8BC1FCD7C3C9}"
EndProject
Project("{9A19103F-16F7-4668-BE54-9A1E7A4F7556}") = "Generics2", "..\Generics2\Generics2.csproj", "{E5A980CC-2D39-4FBA-91DF-B7A7CAFBE8FD}"
EndProject
Project("{9A19103F-16F7-4668-BE54-9A1E7A4F7556}") = "HttpClient", "..\HttpClient\HttpClient.csproj", "{A3DC89F5-B21F-4949-BB16-030B35FEEB8F}"
EndProject
Project("{9A19103F-16F7-4668-BE54-9A1E7A4F7556}") = "Dispose", "..\Dispose\Dispose.csproj", "{06A74B3B-C992-4B5F-A269-1B547A2979EC}"
EndProject
Project("{9A19103F-16F7-4668-BE54-9A1E7A4F7556}") = "Delegates2", "..\Delegates2\Delegates2.csproj", "{DE29BAF5-E2FC-42CD-BF6D-1969A80FE729}"
EndProject
Project("{9A19103F-16F7-4668-BE54-9A1E7A4F7556}") = "Predicate", "..\Predicate\Predicate.csproj", "{01C26888-3BDE-4604-BF13-92536A1F98B1}"
EndProject
Project("{9A19103F-16F7-4668-BE54-9A1E7A4F7556}") = "Predicate2", "..\Predicate2\Predicate2.csproj", "{541ACB6A-ECAC-4991-9811-578B00CB8AE2}"
EndProject
Project("{9A19103F-16F7-4668-BE54-9A1E7A4F7556}") = "ResultPattern", "..\ResultPattern\ResultPattern.csproj", "{F360057E-BE2D-4C1B-BC88-7AD25EB24595}"
EndProject
Project("{9A19103F-16F7-4668-BE54-9A1E7A4F7556}") = "Generics3", "..\Generics3\Generics3.csproj", "{0F64175D-4A30-4C99-A1A6-D9E8087F2D8E}"
EndProject
Project("{9A19103F-16F7-4668-BE54-9A1E7A4F7556}") = "Reflection", "..\Reflection\Reflection.csproj", "{37F1BB7B-BA99-480D-971B-6753115E448D}"
EndProject
Project("{9A19103F-16F7-4668-BE54-9A1E7A4F7556}") = "PatternMatching", "..\PatternMatching\PatternMatching.csproj", "{77FCEA5A-2B30-4CBD-A7C2-BD0218CD3FCE}"
EndProject
Project("{9A19103F-16F7-4668-BE54-9A1E7A4F7556}") = "UsingYield", "..\UsingYield\UsingYield.csproj", "{876C647E-828E-47B8-8534-57FD16DB7D15}"
EndProject
Project("{9A19103F-16F7-4668-BE54-9A1E7A4F7556}") = "Eventos", "..\Eventos\Eventos.csproj", "{783EFA39-78F5-4990-BAB4-C1AD96157133}"
EndProject
Project("{9A19103F-16F7-4668-BE54-9A1E7A4F7556}") = "Eventos2", "..\Eventos2\Eventos2.csproj", "{CF98E33C-D482-4B31-BC24-326AF6C7700D}"
EndProject
Project("{9A19103F-16F7-4668-BE54-9A1E7A4F7556}") = "Propagacion", "..\Propagacion\Propagacion.csproj", "{73321D34-8F05-4996-9215-D0BA5D4818D6}"
EndProject
Project("{9A19103F-16F7-4668-BE54-9A1E7A4F7556}") = "Test2", "..\Test2\Test2.csproj", "{C453913B-2F60-4C06-9623-0223D2440902}"
EndProject
Project("{9A19103F-16F7-4668-BE54-9A1E7A4F7556}") = "Tuplas", "..\Tuplas\Tuplas.csproj", "{C475B280-7D10-4F54-95E2-DFEBE0EF998C}"
EndProject
Project("{9A19103F-16F7-4668-BE54-9A1E7A4F7556}") = "ConfigureObject", "..\ConfigureObject\ConfigureObject.csproj", "{1889ACA8-CFDC-42ED-9583-AF1A4923D272}"
EndProject
Project("{9A19103F-16F7-4668-BE54-9A1E7A4F7556}") = "Closures", "..\Closures\Closures.csproj", "{D246DD5A-B620-466B-86A0-18E9181E616F}"
EndProject
Project("{9A19103F-16F7-4668-BE54-9A1E7A4F7556}") = "Callback", "..\Callback\Callback.csproj", "{1C098866-1536-41D9-8CB5-0B9B61129015}"
EndProject
Project("{9A19103F-16F7-4668-BE54-9A1E7A4F7556}") = "CallbackAsync", "..\CallbackAsync\CallbackAsync.csproj", "{88EA07FE-B00A-4467-9588-778D63C863BF}"
EndProject
Project("{9A19103F-16F7-4668-BE54-9A1E7A4F7556}") = "UsingThread", "..\UsingThread\UsingThread.csproj", "{0223BF62-BE34-4F1D-82C1-632F8B93E2CC}"
EndProject
Project("{FAE04EC0-301F-11D3-BF4B-00C04F79EFBC}") = "UsingString", "..\UsingString\UsingString.csproj", "{D092F911-31BB-4C46-9859-984BD9497E73}"
EndProject
Global
	GlobalSection(SolutionConfigurationPlatforms) = preSolution
		Debug|Any CPU = Debug|Any CPU
		Release|Any CPU = Release|Any CPU
	EndGlobalSection
	GlobalSection(ProjectConfigurationPlatforms) = postSolution
		{3B73B218-70D1-45AA-9AD1-0BC297CF31EB}.Debug|Any CPU.ActiveCfg = Debug|Any CPU
		{3B73B218-70D1-45AA-9AD1-0BC297CF31EB}.Debug|Any CPU.Build.0 = Debug|Any CPU
		{3B73B218-70D1-45AA-9AD1-0BC297CF31EB}.Release|Any CPU.ActiveCfg = Release|Any CPU
		{3B73B218-70D1-45AA-9AD1-0BC297CF31EB}.Release|Any CPU.Build.0 = Release|Any CPU
		{E87605FC-6839-43C4-84FF-71BA914BB06F}.Debug|Any CPU.ActiveCfg = Debug|Any CPU
		{E87605FC-6839-43C4-84FF-71BA914BB06F}.Debug|Any CPU.Build.0 = Debug|Any CPU
		{E87605FC-6839-43C4-84FF-71BA914BB06F}.Release|Any CPU.ActiveCfg = Release|Any CPU
		{E87605FC-6839-43C4-84FF-71BA914BB06F}.Release|Any CPU.Build.0 = Release|Any CPU
		{9D5F8A6A-E3BD-472B-A688-79A462E0F0C6}.Debug|Any CPU.ActiveCfg = Debug|Any CPU
		{9D5F8A6A-E3BD-472B-A688-79A462E0F0C6}.Debug|Any CPU.Build.0 = Debug|Any CPU
		{9D5F8A6A-E3BD-472B-A688-79A462E0F0C6}.Release|Any CPU.ActiveCfg = Release|Any CPU
		{9D5F8A6A-E3BD-472B-A688-79A462E0F0C6}.Release|Any CPU.Build.0 = Release|Any CPU
		{E67A07CD-0AB9-4213-B517-5D0F225E3C60}.Debug|Any CPU.ActiveCfg = Debug|Any CPU
		{E67A07CD-0AB9-4213-B517-5D0F225E3C60}.Debug|Any CPU.Build.0 = Debug|Any CPU
		{E67A07CD-0AB9-4213-B517-5D0F225E3C60}.Release|Any CPU.ActiveCfg = Release|Any CPU
		{E67A07CD-0AB9-4213-B517-5D0F225E3C60}.Release|Any CPU.Build.0 = Release|Any CPU
		{FFF902F7-0B0F-4A59-B781-385137D13A5D}.Debug|Any CPU.ActiveCfg = Debug|Any CPU
		{FFF902F7-0B0F-4A59-B781-385137D13A5D}.Debug|Any CPU.Build.0 = Debug|Any CPU
		{FFF902F7-0B0F-4A59-B781-385137D13A5D}.Release|Any CPU.ActiveCfg = Release|Any CPU
		{FFF902F7-0B0F-4A59-B781-385137D13A5D}.Release|Any CPU.Build.0 = Release|Any CPU
		{CA580B30-E8BB-47CF-AF87-7B218775CD44}.Debug|Any CPU.ActiveCfg = Debug|Any CPU
		{CA580B30-E8BB-47CF-AF87-7B218775CD44}.Debug|Any CPU.Build.0 = Debug|Any CPU
		{CA580B30-E8BB-47CF-AF87-7B218775CD44}.Release|Any CPU.ActiveCfg = Release|Any CPU
		{CA580B30-E8BB-47CF-AF87-7B218775CD44}.Release|Any CPU.Build.0 = Release|Any CPU
		{D52A95C7-C17E-41C9-887D-3A9E87DAEA27}.Debug|Any CPU.ActiveCfg = Debug|Any CPU
		{D52A95C7-C17E-41C9-887D-3A9E87DAEA27}.Debug|Any CPU.Build.0 = Debug|Any CPU
		{D52A95C7-C17E-41C9-887D-3A9E87DAEA27}.Release|Any CPU.ActiveCfg = Release|Any CPU
		{D52A95C7-C17E-41C9-887D-3A9E87DAEA27}.Release|Any CPU.Build.0 = Release|Any CPU
		{7AE54603-3295-4D3D-9778-2C8BAD11E47F}.Debug|Any CPU.ActiveCfg = Debug|Any CPU
		{7AE54603-3295-4D3D-9778-2C8BAD11E47F}.Debug|Any CPU.Build.0 = Debug|Any CPU
		{7AE54603-3295-4D3D-9778-2C8BAD11E47F}.Release|Any CPU.ActiveCfg = Release|Any CPU
		{7AE54603-3295-4D3D-9778-2C8BAD11E47F}.Release|Any CPU.Build.0 = Release|Any CPU
		{4664F98F-9699-473E-88B3-0B3D0E2BD650}.Debug|Any CPU.ActiveCfg = Debug|Any CPU
		{4664F98F-9699-473E-88B3-0B3D0E2BD650}.Debug|Any CPU.Build.0 = Debug|Any CPU
		{4664F98F-9699-473E-88B3-0B3D0E2BD650}.Release|Any CPU.ActiveCfg = Release|Any CPU
		{4664F98F-9699-473E-88B3-0B3D0E2BD650}.Release|Any CPU.Build.0 = Release|Any CPU
		{059BE465-0C3D-4854-8A9F-9F12B93515DE}.Debug|Any CPU.ActiveCfg = Debug|Any CPU
		{059BE465-0C3D-4854-8A9F-9F12B93515DE}.Debug|Any CPU.Build.0 = Debug|Any CPU
		{059BE465-0C3D-4854-8A9F-9F12B93515DE}.Release|Any CPU.ActiveCfg = Release|Any CPU
		{059BE465-0C3D-4854-8A9F-9F12B93515DE}.Release|Any CPU.Build.0 = Release|Any CPU
		{36908F1D-EEA5-4BE6-BEBF-F7F8D07BD178}.Debug|Any CPU.ActiveCfg = Debug|Any CPU
		{36908F1D-EEA5-4BE6-BEBF-F7F8D07BD178}.Debug|Any CPU.Build.0 = Debug|Any CPU
		{36908F1D-EEA5-4BE6-BEBF-F7F8D07BD178}.Release|Any CPU.ActiveCfg = Release|Any CPU
		{36908F1D-EEA5-4BE6-BEBF-F7F8D07BD178}.Release|Any CPU.Build.0 = Release|Any CPU
		{C3491124-F8A2-40B2-B485-B3BDB7AF9ACA}.Debug|Any CPU.ActiveCfg = Debug|Any CPU
		{C3491124-F8A2-40B2-B485-B3BDB7AF9ACA}.Debug|Any CPU.Build.0 = Debug|Any CPU
		{C3491124-F8A2-40B2-B485-B3BDB7AF9ACA}.Release|Any CPU.ActiveCfg = Release|Any CPU
		{C3491124-F8A2-40B2-B485-B3BDB7AF9ACA}.Release|Any CPU.Build.0 = Release|Any CPU
		{F824566D-C5EB-4E81-8876-E1CFF44E81F6}.Debug|Any CPU.ActiveCfg = Debug|Any CPU
		{F824566D-C5EB-4E81-8876-E1CFF44E81F6}.Debug|Any CPU.Build.0 = Debug|Any CPU
		{F824566D-C5EB-4E81-8876-E1CFF44E81F6}.Release|Any CPU.ActiveCfg = Release|Any CPU
		{F824566D-C5EB-4E81-8876-E1CFF44E81F6}.Release|Any CPU.Build.0 = Release|Any CPU
		{526490A1-AF62-4E39-B0D9-68A8FC7A6779}.Debug|Any CPU.ActiveCfg = Debug|Any CPU
		{526490A1-AF62-4E39-B0D9-68A8FC7A6779}.Debug|Any CPU.Build.0 = Debug|Any CPU
		{526490A1-AF62-4E39-B0D9-68A8FC7A6779}.Release|Any CPU.ActiveCfg = Release|Any CPU
		{526490A1-AF62-4E39-B0D9-68A8FC7A6779}.Release|Any CPU.Build.0 = Release|Any CPU
		{9DFE30A8-48D1-4FA0-A470-983F7B1B9589}.Debug|Any CPU.ActiveCfg = Debug|Any CPU
		{9DFE30A8-48D1-4FA0-A470-983F7B1B9589}.Debug|Any CPU.Build.0 = Debug|Any CPU
		{9DFE30A8-48D1-4FA0-A470-983F7B1B9589}.Release|Any CPU.ActiveCfg = Release|Any CPU
		{9DFE30A8-48D1-4FA0-A470-983F7B1B9589}.Release|Any CPU.Build.0 = Release|Any CPU
		{532AF9FA-FFF9-41B9-A34C-F0D46A1F699F}.Debug|Any CPU.ActiveCfg = Debug|Any CPU
		{532AF9FA-FFF9-41B9-A34C-F0D46A1F699F}.Debug|Any CPU.Build.0 = Debug|Any CPU
		{532AF9FA-FFF9-41B9-A34C-F0D46A1F699F}.Release|Any CPU.ActiveCfg = Release|Any CPU
		{532AF9FA-FFF9-41B9-A34C-F0D46A1F699F}.Release|Any CPU.Build.0 = Release|Any CPU
		{C6321A59-DB2C-4C8D-AB9F-1EA22661BA1A}.Debug|Any CPU.ActiveCfg = Debug|Any CPU
		{C6321A59-DB2C-4C8D-AB9F-1EA22661BA1A}.Debug|Any CPU.Build.0 = Debug|Any CPU
		{C6321A59-DB2C-4C8D-AB9F-1EA22661BA1A}.Release|Any CPU.ActiveCfg = Release|Any CPU
		{C6321A59-DB2C-4C8D-AB9F-1EA22661BA1A}.Release|Any CPU.Build.0 = Release|Any CPU
		{770D0C50-8488-4B86-B3EF-08D5C0DD01F1}.Debug|Any CPU.ActiveCfg = Debug|Any CPU
		{770D0C50-8488-4B86-B3EF-08D5C0DD01F1}.Debug|Any CPU.Build.0 = Debug|Any CPU
		{770D0C50-8488-4B86-B3EF-08D5C0DD01F1}.Release|Any CPU.ActiveCfg = Release|Any CPU
		{770D0C50-8488-4B86-B3EF-08D5C0DD01F1}.Release|Any CPU.Build.0 = Release|Any CPU
		{D6CCA797-DA3F-4C38-AB8C-AEEAF571A845}.Debug|Any CPU.ActiveCfg = Debug|Any CPU
		{D6CCA797-DA3F-4C38-AB8C-AEEAF571A845}.Debug|Any CPU.Build.0 = Debug|Any CPU
		{D6CCA797-DA3F-4C38-AB8C-AEEAF571A845}.Release|Any CPU.ActiveCfg = Release|Any CPU
		{D6CCA797-DA3F-4C38-AB8C-AEEAF571A845}.Release|Any CPU.Build.0 = Release|Any CPU
		{C197B1BF-84E6-4827-AC46-5C55CC8E984A}.Debug|Any CPU.ActiveCfg = Debug|Any CPU
		{C197B1BF-84E6-4827-AC46-5C55CC8E984A}.Debug|Any CPU.Build.0 = Debug|Any CPU
		{C197B1BF-84E6-4827-AC46-5C55CC8E984A}.Release|Any CPU.ActiveCfg = Release|Any CPU
		{C197B1BF-84E6-4827-AC46-5C55CC8E984A}.Release|Any CPU.Build.0 = Release|Any CPU
		{EC23048D-A166-41E2-9928-688B70D057F2}.Debug|Any CPU.ActiveCfg = Debug|Any CPU
		{EC23048D-A166-41E2-9928-688B70D057F2}.Debug|Any CPU.Build.0 = Debug|Any CPU
		{EC23048D-A166-41E2-9928-688B70D057F2}.Release|Any CPU.ActiveCfg = Release|Any CPU
		{EC23048D-A166-41E2-9928-688B70D057F2}.Release|Any CPU.Build.0 = Release|Any CPU
		{41B33301-38C2-4063-8754-F67C79BDCB21}.Debug|Any CPU.ActiveCfg = Debug|Any CPU
		{41B33301-38C2-4063-8754-F67C79BDCB21}.Debug|Any CPU.Build.0 = Debug|Any CPU
		{41B33301-38C2-4063-8754-F67C79BDCB21}.Release|Any CPU.ActiveCfg = Release|Any CPU
		{41B33301-38C2-4063-8754-F67C79BDCB21}.Release|Any CPU.Build.0 = Release|Any CPU
		{97D3B2B0-F369-47D3-862F-46A9AD25B3BE}.Debug|Any CPU.ActiveCfg = Debug|Any CPU
		{97D3B2B0-F369-47D3-862F-46A9AD25B3BE}.Debug|Any CPU.Build.0 = Debug|Any CPU
		{97D3B2B0-F369-47D3-862F-46A9AD25B3BE}.Release|Any CPU.ActiveCfg = Release|Any CPU
		{97D3B2B0-F369-47D3-862F-46A9AD25B3BE}.Release|Any CPU.Build.0 = Release|Any CPU
		{8E93CE6B-171B-47A8-83BE-D55CDA1807EF}.Debug|Any CPU.ActiveCfg = Debug|Any CPU
		{8E93CE6B-171B-47A8-83BE-D55CDA1807EF}.Debug|Any CPU.Build.0 = Debug|Any CPU
		{8E93CE6B-171B-47A8-83BE-D55CDA1807EF}.Release|Any CPU.ActiveCfg = Release|Any CPU
		{8E93CE6B-171B-47A8-83BE-D55CDA1807EF}.Release|Any CPU.Build.0 = Release|Any CPU
		{14728FBA-EFE4-4C44-B5E1-D8CAC60F248C}.Debug|Any CPU.ActiveCfg = Debug|Any CPU
		{14728FBA-EFE4-4C44-B5E1-D8CAC60F248C}.Debug|Any CPU.Build.0 = Debug|Any CPU
		{14728FBA-EFE4-4C44-B5E1-D8CAC60F248C}.Release|Any CPU.ActiveCfg = Release|Any CPU
		{14728FBA-EFE4-4C44-B5E1-D8CAC60F248C}.Release|Any CPU.Build.0 = Release|Any CPU
		{43B38469-052E-4FB1-9693-2AE17909A0D4}.Debug|Any CPU.ActiveCfg = Debug|Any CPU
		{43B38469-052E-4FB1-9693-2AE17909A0D4}.Debug|Any CPU.Build.0 = Debug|Any CPU
		{43B38469-052E-4FB1-9693-2AE17909A0D4}.Release|Any CPU.ActiveCfg = Release|Any CPU
		{43B38469-052E-4FB1-9693-2AE17909A0D4}.Release|Any CPU.Build.0 = Release|Any CPU
		{8FB06A50-CECC-48DE-BAC7-930F5969189F}.Debug|Any CPU.ActiveCfg = Debug|Any CPU
		{8FB06A50-CECC-48DE-BAC7-930F5969189F}.Debug|Any CPU.Build.0 = Debug|Any CPU
		{8FB06A50-CECC-48DE-BAC7-930F5969189F}.Release|Any CPU.ActiveCfg = Release|Any CPU
		{8FB06A50-CECC-48DE-BAC7-930F5969189F}.Release|Any CPU.Build.0 = Release|Any CPU
		{DBED8A83-FC00-47DE-A789-C1D0FC0F86B9}.Debug|Any CPU.ActiveCfg = Debug|Any CPU
		{DBED8A83-FC00-47DE-A789-C1D0FC0F86B9}.Debug|Any CPU.Build.0 = Debug|Any CPU
		{DBED8A83-FC00-47DE-A789-C1D0FC0F86B9}.Release|Any CPU.ActiveCfg = Release|Any CPU
		{DBED8A83-FC00-47DE-A789-C1D0FC0F86B9}.Release|Any CPU.Build.0 = Release|Any CPU
		{FC058FB4-9856-44CC-8754-751A698B012F}.Debug|Any CPU.ActiveCfg = Debug|Any CPU
		{FC058FB4-9856-44CC-8754-751A698B012F}.Debug|Any CPU.Build.0 = Debug|Any CPU
		{FC058FB4-9856-44CC-8754-751A698B012F}.Release|Any CPU.ActiveCfg = Release|Any CPU
		{FC058FB4-9856-44CC-8754-751A698B012F}.Release|Any CPU.Build.0 = Release|Any CPU
		{CF5AD1BD-9376-4914-8D26-77CF9B3A752A}.Debug|Any CPU.ActiveCfg = Debug|Any CPU
		{CF5AD1BD-9376-4914-8D26-77CF9B3A752A}.Debug|Any CPU.Build.0 = Debug|Any CPU
		{CF5AD1BD-9376-4914-8D26-77CF9B3A752A}.Release|Any CPU.ActiveCfg = Release|Any CPU
		{CF5AD1BD-9376-4914-8D26-77CF9B3A752A}.Release|Any CPU.Build.0 = Release|Any CPU
		{2DA8DEAD-9A2A-4A35-825A-F6A385DF2904}.Debug|Any CPU.ActiveCfg = Debug|Any CPU
		{2DA8DEAD-9A2A-4A35-825A-F6A385DF2904}.Debug|Any CPU.Build.0 = Debug|Any CPU
		{2DA8DEAD-9A2A-4A35-825A-F6A385DF2904}.Release|Any CPU.ActiveCfg = Release|Any CPU
		{2DA8DEAD-9A2A-4A35-825A-F6A385DF2904}.Release|Any CPU.Build.0 = Release|Any CPU
		{60C7325B-806F-454A-BA54-AC54F7DCBF09}.Debug|Any CPU.ActiveCfg = Debug|Any CPU
		{60C7325B-806F-454A-BA54-AC54F7DCBF09}.Debug|Any CPU.Build.0 = Debug|Any CPU
		{60C7325B-806F-454A-BA54-AC54F7DCBF09}.Release|Any CPU.ActiveCfg = Release|Any CPU
		{60C7325B-806F-454A-BA54-AC54F7DCBF09}.Release|Any CPU.Build.0 = Release|Any CPU
		{F92791DC-23F4-4DED-A495-0CBDA9B5121D}.Debug|Any CPU.ActiveCfg = Debug|Any CPU
		{F92791DC-23F4-4DED-A495-0CBDA9B5121D}.Debug|Any CPU.Build.0 = Debug|Any CPU
		{F92791DC-23F4-4DED-A495-0CBDA9B5121D}.Release|Any CPU.ActiveCfg = Release|Any CPU
		{F92791DC-23F4-4DED-A495-0CBDA9B5121D}.Release|Any CPU.Build.0 = Release|Any CPU
		{3A02E688-8A38-426C-8F9F-E2E5B8DE2D26}.Debug|Any CPU.ActiveCfg = Debug|Any CPU
		{3A02E688-8A38-426C-8F9F-E2E5B8DE2D26}.Debug|Any CPU.Build.0 = Debug|Any CPU
		{3A02E688-8A38-426C-8F9F-E2E5B8DE2D26}.Release|Any CPU.ActiveCfg = Release|Any CPU
		{3A02E688-8A38-426C-8F9F-E2E5B8DE2D26}.Release|Any CPU.Build.0 = Release|Any CPU
		{168FA1EC-AF64-4B23-9CBC-DD3F910F092D}.Debug|Any CPU.ActiveCfg = Debug|Any CPU
		{168FA1EC-AF64-4B23-9CBC-DD3F910F092D}.Debug|Any CPU.Build.0 = Debug|Any CPU
		{168FA1EC-AF64-4B23-9CBC-DD3F910F092D}.Release|Any CPU.ActiveCfg = Release|Any CPU
		{168FA1EC-AF64-4B23-9CBC-DD3F910F092D}.Release|Any CPU.Build.0 = Release|Any CPU
		{6F497CA1-46E7-4DE9-9587-69214DC14B56}.Debug|Any CPU.ActiveCfg = Debug|Any CPU
		{6F497CA1-46E7-4DE9-9587-69214DC14B56}.Debug|Any CPU.Build.0 = Debug|Any CPU
		{6F497CA1-46E7-4DE9-9587-69214DC14B56}.Release|Any CPU.ActiveCfg = Release|Any CPU
		{6F497CA1-46E7-4DE9-9587-69214DC14B56}.Release|Any CPU.Build.0 = Release|Any CPU
		{2F827527-7B14-47FF-A45C-D0441EF4734F}.Debug|Any CPU.ActiveCfg = Debug|Any CPU
		{2F827527-7B14-47FF-A45C-D0441EF4734F}.Debug|Any CPU.Build.0 = Debug|Any CPU
		{2F827527-7B14-47FF-A45C-D0441EF4734F}.Release|Any CPU.ActiveCfg = Release|Any CPU
		{2F827527-7B14-47FF-A45C-D0441EF4734F}.Release|Any CPU.Build.0 = Release|Any CPU
		{9AA6D001-54AE-4317-AF3A-6E26161DA193}.Debug|Any CPU.ActiveCfg = Debug|Any CPU
		{9AA6D001-54AE-4317-AF3A-6E26161DA193}.Debug|Any CPU.Build.0 = Debug|Any CPU
		{9AA6D001-54AE-4317-AF3A-6E26161DA193}.Release|Any CPU.ActiveCfg = Release|Any CPU
		{9AA6D001-54AE-4317-AF3A-6E26161DA193}.Release|Any CPU.Build.0 = Release|Any CPU
		{EC585D62-2A9C-4EBD-B174-28C63B06304A}.Debug|Any CPU.ActiveCfg = Debug|Any CPU
		{EC585D62-2A9C-4EBD-B174-28C63B06304A}.Debug|Any CPU.Build.0 = Debug|Any CPU
		{EC585D62-2A9C-4EBD-B174-28C63B06304A}.Release|Any CPU.ActiveCfg = Release|Any CPU
		{EC585D62-2A9C-4EBD-B174-28C63B06304A}.Release|Any CPU.Build.0 = Release|Any CPU
		{88C04588-0CD5-491E-B996-5C245BDC7C25}.Debug|Any CPU.ActiveCfg = Debug|Any CPU
		{88C04588-0CD5-491E-B996-5C245BDC7C25}.Debug|Any CPU.Build.0 = Debug|Any CPU
		{88C04588-0CD5-491E-B996-5C245BDC7C25}.Release|Any CPU.ActiveCfg = Release|Any CPU
		{88C04588-0CD5-491E-B996-5C245BDC7C25}.Release|Any CPU.Build.0 = Release|Any CPU
		{1CD124C5-0E35-455D-A44E-49232E1FB1E2}.Debug|Any CPU.ActiveCfg = Debug|Any CPU
		{1CD124C5-0E35-455D-A44E-49232E1FB1E2}.Debug|Any CPU.Build.0 = Debug|Any CPU
		{1CD124C5-0E35-455D-A44E-49232E1FB1E2}.Release|Any CPU.ActiveCfg = Release|Any CPU
		{1CD124C5-0E35-455D-A44E-49232E1FB1E2}.Release|Any CPU.Build.0 = Release|Any CPU
		{5FD4CCAE-44C8-40B1-BA04-D13403101401}.Debug|Any CPU.ActiveCfg = Debug|Any CPU
		{5FD4CCAE-44C8-40B1-BA04-D13403101401}.Debug|Any CPU.Build.0 = Debug|Any CPU
		{5FD4CCAE-44C8-40B1-BA04-D13403101401}.Release|Any CPU.ActiveCfg = Release|Any CPU
		{5FD4CCAE-44C8-40B1-BA04-D13403101401}.Release|Any CPU.Build.0 = Release|Any CPU
		{49EC4BBE-DB73-4D40-8249-C06539FF911F}.Debug|Any CPU.ActiveCfg = Debug|Any CPU
		{49EC4BBE-DB73-4D40-8249-C06539FF911F}.Debug|Any CPU.Build.0 = Debug|Any CPU
		{49EC4BBE-DB73-4D40-8249-C06539FF911F}.Release|Any CPU.ActiveCfg = Release|Any CPU
		{49EC4BBE-DB73-4D40-8249-C06539FF911F}.Release|Any CPU.Build.0 = Release|Any CPU
		{0FF542FB-8F9B-41A8-B0B0-680C23DA250B}.Debug|Any CPU.ActiveCfg = Debug|Any CPU
		{0FF542FB-8F9B-41A8-B0B0-680C23DA250B}.Debug|Any CPU.Build.0 = Debug|Any CPU
		{0FF542FB-8F9B-41A8-B0B0-680C23DA250B}.Release|Any CPU.ActiveCfg = Release|Any CPU
		{0FF542FB-8F9B-41A8-B0B0-680C23DA250B}.Release|Any CPU.Build.0 = Release|Any CPU
		{A9432038-D3C3-481C-954F-D72B5E5B48ED}.Debug|Any CPU.ActiveCfg = Debug|Any CPU
		{A9432038-D3C3-481C-954F-D72B5E5B48ED}.Debug|Any CPU.Build.0 = Debug|Any CPU
		{A9432038-D3C3-481C-954F-D72B5E5B48ED}.Release|Any CPU.ActiveCfg = Release|Any CPU
		{A9432038-D3C3-481C-954F-D72B5E5B48ED}.Release|Any CPU.Build.0 = Release|Any CPU
		{BBF9AB0D-68A2-46AC-9696-5B29B72058B7}.Debug|Any CPU.ActiveCfg = Debug|Any CPU
		{BBF9AB0D-68A2-46AC-9696-5B29B72058B7}.Debug|Any CPU.Build.0 = Debug|Any CPU
		{BBF9AB0D-68A2-46AC-9696-5B29B72058B7}.Release|Any CPU.ActiveCfg = Release|Any CPU
		{BBF9AB0D-68A2-46AC-9696-5B29B72058B7}.Release|Any CPU.Build.0 = Release|Any CPU
		{E822FD77-4DE7-494E-91D1-D470E6CB839D}.Debug|Any CPU.ActiveCfg = Debug|Any CPU
		{E822FD77-4DE7-494E-91D1-D470E6CB839D}.Debug|Any CPU.Build.0 = Debug|Any CPU
		{E822FD77-4DE7-494E-91D1-D470E6CB839D}.Release|Any CPU.ActiveCfg = Release|Any CPU
		{E822FD77-4DE7-494E-91D1-D470E6CB839D}.Release|Any CPU.Build.0 = Release|Any CPU
		{20E019D0-1A33-4F05-9CBF-8BC1FCD7C3C9}.Debug|Any CPU.ActiveCfg = Debug|Any CPU
		{20E019D0-1A33-4F05-9CBF-8BC1FCD7C3C9}.Debug|Any CPU.Build.0 = Debug|Any CPU
		{20E019D0-1A33-4F05-9CBF-8BC1FCD7C3C9}.Release|Any CPU.ActiveCfg = Release|Any CPU
		{20E019D0-1A33-4F05-9CBF-8BC1FCD7C3C9}.Release|Any CPU.Build.0 = Release|Any CPU
		{E5A980CC-2D39-4FBA-91DF-B7A7CAFBE8FD}.Debug|Any CPU.ActiveCfg = Debug|Any CPU
		{E5A980CC-2D39-4FBA-91DF-B7A7CAFBE8FD}.Debug|Any CPU.Build.0 = Debug|Any CPU
		{E5A980CC-2D39-4FBA-91DF-B7A7CAFBE8FD}.Release|Any CPU.ActiveCfg = Release|Any CPU
		{E5A980CC-2D39-4FBA-91DF-B7A7CAFBE8FD}.Release|Any CPU.Build.0 = Release|Any CPU
		{A3DC89F5-B21F-4949-BB16-030B35FEEB8F}.Debug|Any CPU.ActiveCfg = Debug|Any CPU
		{A3DC89F5-B21F-4949-BB16-030B35FEEB8F}.Debug|Any CPU.Build.0 = Debug|Any CPU
		{A3DC89F5-B21F-4949-BB16-030B35FEEB8F}.Release|Any CPU.ActiveCfg = Release|Any CPU
		{A3DC89F5-B21F-4949-BB16-030B35FEEB8F}.Release|Any CPU.Build.0 = Release|Any CPU
		{06A74B3B-C992-4B5F-A269-1B547A2979EC}.Debug|Any CPU.ActiveCfg = Debug|Any CPU
		{06A74B3B-C992-4B5F-A269-1B547A2979EC}.Debug|Any CPU.Build.0 = Debug|Any CPU
		{06A74B3B-C992-4B5F-A269-1B547A2979EC}.Release|Any CPU.ActiveCfg = Release|Any CPU
		{06A74B3B-C992-4B5F-A269-1B547A2979EC}.Release|Any CPU.Build.0 = Release|Any CPU
		{DE29BAF5-E2FC-42CD-BF6D-1969A80FE729}.Debug|Any CPU.ActiveCfg = Debug|Any CPU
		{DE29BAF5-E2FC-42CD-BF6D-1969A80FE729}.Debug|Any CPU.Build.0 = Debug|Any CPU
		{DE29BAF5-E2FC-42CD-BF6D-1969A80FE729}.Release|Any CPU.ActiveCfg = Release|Any CPU
		{DE29BAF5-E2FC-42CD-BF6D-1969A80FE729}.Release|Any CPU.Build.0 = Release|Any CPU
		{01C26888-3BDE-4604-BF13-92536A1F98B1}.Debug|Any CPU.ActiveCfg = Debug|Any CPU
		{01C26888-3BDE-4604-BF13-92536A1F98B1}.Debug|Any CPU.Build.0 = Debug|Any CPU
		{01C26888-3BDE-4604-BF13-92536A1F98B1}.Release|Any CPU.ActiveCfg = Release|Any CPU
		{01C26888-3BDE-4604-BF13-92536A1F98B1}.Release|Any CPU.Build.0 = Release|Any CPU
		{541ACB6A-ECAC-4991-9811-578B00CB8AE2}.Debug|Any CPU.ActiveCfg = Debug|Any CPU
		{541ACB6A-ECAC-4991-9811-578B00CB8AE2}.Debug|Any CPU.Build.0 = Debug|Any CPU
		{541ACB6A-ECAC-4991-9811-578B00CB8AE2}.Release|Any CPU.ActiveCfg = Release|Any CPU
		{541ACB6A-ECAC-4991-9811-578B00CB8AE2}.Release|Any CPU.Build.0 = Release|Any CPU
		{F360057E-BE2D-4C1B-BC88-7AD25EB24595}.Debug|Any CPU.ActiveCfg = Debug|Any CPU
		{F360057E-BE2D-4C1B-BC88-7AD25EB24595}.Debug|Any CPU.Build.0 = Debug|Any CPU
		{F360057E-BE2D-4C1B-BC88-7AD25EB24595}.Release|Any CPU.ActiveCfg = Release|Any CPU
		{F360057E-BE2D-4C1B-BC88-7AD25EB24595}.Release|Any CPU.Build.0 = Release|Any CPU
		{0F64175D-4A30-4C99-A1A6-D9E8087F2D8E}.Debug|Any CPU.ActiveCfg = Debug|Any CPU
		{0F64175D-4A30-4C99-A1A6-D9E8087F2D8E}.Debug|Any CPU.Build.0 = Debug|Any CPU
		{0F64175D-4A30-4C99-A1A6-D9E8087F2D8E}.Release|Any CPU.ActiveCfg = Release|Any CPU
		{0F64175D-4A30-4C99-A1A6-D9E8087F2D8E}.Release|Any CPU.Build.0 = Release|Any CPU
		{37F1BB7B-BA99-480D-971B-6753115E448D}.Debug|Any CPU.ActiveCfg = Debug|Any CPU
		{37F1BB7B-BA99-480D-971B-6753115E448D}.Debug|Any CPU.Build.0 = Debug|Any CPU
		{37F1BB7B-BA99-480D-971B-6753115E448D}.Release|Any CPU.ActiveCfg = Release|Any CPU
		{37F1BB7B-BA99-480D-971B-6753115E448D}.Release|Any CPU.Build.0 = Release|Any CPU
		{77FCEA5A-2B30-4CBD-A7C2-BD0218CD3FCE}.Debug|Any CPU.ActiveCfg = Debug|Any CPU
		{77FCEA5A-2B30-4CBD-A7C2-BD0218CD3FCE}.Debug|Any CPU.Build.0 = Debug|Any CPU
		{77FCEA5A-2B30-4CBD-A7C2-BD0218CD3FCE}.Release|Any CPU.ActiveCfg = Release|Any CPU
		{77FCEA5A-2B30-4CBD-A7C2-BD0218CD3FCE}.Release|Any CPU.Build.0 = Release|Any CPU
		{876C647E-828E-47B8-8534-57FD16DB7D15}.Debug|Any CPU.ActiveCfg = Debug|Any CPU
		{876C647E-828E-47B8-8534-57FD16DB7D15}.Debug|Any CPU.Build.0 = Debug|Any CPU
		{876C647E-828E-47B8-8534-57FD16DB7D15}.Release|Any CPU.ActiveCfg = Release|Any CPU
		{876C647E-828E-47B8-8534-57FD16DB7D15}.Release|Any CPU.Build.0 = Release|Any CPU
		{783EFA39-78F5-4990-BAB4-C1AD96157133}.Debug|Any CPU.ActiveCfg = Debug|Any CPU
		{783EFA39-78F5-4990-BAB4-C1AD96157133}.Debug|Any CPU.Build.0 = Debug|Any CPU
		{783EFA39-78F5-4990-BAB4-C1AD96157133}.Release|Any CPU.ActiveCfg = Release|Any CPU
		{783EFA39-78F5-4990-BAB4-C1AD96157133}.Release|Any CPU.Build.0 = Release|Any CPU
		{CF98E33C-D482-4B31-BC24-326AF6C7700D}.Debug|Any CPU.ActiveCfg = Debug|Any CPU
		{CF98E33C-D482-4B31-BC24-326AF6C7700D}.Debug|Any CPU.Build.0 = Debug|Any CPU
		{CF98E33C-D482-4B31-BC24-326AF6C7700D}.Release|Any CPU.ActiveCfg = Release|Any CPU
		{CF98E33C-D482-4B31-BC24-326AF6C7700D}.Release|Any CPU.Build.0 = Release|Any CPU
		{73321D34-8F05-4996-9215-D0BA5D4818D6}.Debug|Any CPU.ActiveCfg = Debug|Any CPU
		{73321D34-8F05-4996-9215-D0BA5D4818D6}.Debug|Any CPU.Build.0 = Debug|Any CPU
		{73321D34-8F05-4996-9215-D0BA5D4818D6}.Release|Any CPU.ActiveCfg = Release|Any CPU
		{73321D34-8F05-4996-9215-D0BA5D4818D6}.Release|Any CPU.Build.0 = Release|Any CPU
		{C453913B-2F60-4C06-9623-0223D2440902}.Debug|Any CPU.ActiveCfg = Debug|Any CPU
		{C453913B-2F60-4C06-9623-0223D2440902}.Debug|Any CPU.Build.0 = Debug|Any CPU
		{C453913B-2F60-4C06-9623-0223D2440902}.Release|Any CPU.ActiveCfg = Release|Any CPU
		{C453913B-2F60-4C06-9623-0223D2440902}.Release|Any CPU.Build.0 = Release|Any CPU
		{C475B280-7D10-4F54-95E2-DFEBE0EF998C}.Debug|Any CPU.ActiveCfg = Debug|Any CPU
		{C475B280-7D10-4F54-95E2-DFEBE0EF998C}.Debug|Any CPU.Build.0 = Debug|Any CPU
		{C475B280-7D10-4F54-95E2-DFEBE0EF998C}.Release|Any CPU.ActiveCfg = Release|Any CPU
		{C475B280-7D10-4F54-95E2-DFEBE0EF998C}.Release|Any CPU.Build.0 = Release|Any CPU
		{1889ACA8-CFDC-42ED-9583-AF1A4923D272}.Debug|Any CPU.ActiveCfg = Debug|Any CPU
		{1889ACA8-CFDC-42ED-9583-AF1A4923D272}.Debug|Any CPU.Build.0 = Debug|Any CPU
		{1889ACA8-CFDC-42ED-9583-AF1A4923D272}.Release|Any CPU.ActiveCfg = Release|Any CPU
		{1889ACA8-CFDC-42ED-9583-AF1A4923D272}.Release|Any CPU.Build.0 = Release|Any CPU
		{D246DD5A-B620-466B-86A0-18E9181E616F}.Debug|Any CPU.ActiveCfg = Debug|Any CPU
		{D246DD5A-B620-466B-86A0-18E9181E616F}.Debug|Any CPU.Build.0 = Debug|Any CPU
		{D246DD5A-B620-466B-86A0-18E9181E616F}.Release|Any CPU.ActiveCfg = Release|Any CPU
		{D246DD5A-B620-466B-86A0-18E9181E616F}.Release|Any CPU.Build.0 = Release|Any CPU
		{1C098866-1536-41D9-8CB5-0B9B61129015}.Debug|Any CPU.ActiveCfg = Debug|Any CPU
		{1C098866-1536-41D9-8CB5-0B9B61129015}.Debug|Any CPU.Build.0 = Debug|Any CPU
		{1C098866-1536-41D9-8CB5-0B9B61129015}.Release|Any CPU.ActiveCfg = Release|Any CPU
		{1C098866-1536-41D9-8CB5-0B9B61129015}.Release|Any CPU.Build.0 = Release|Any CPU
		{88EA07FE-B00A-4467-9588-778D63C863BF}.Debug|Any CPU.ActiveCfg = Debug|Any CPU
		{88EA07FE-B00A-4467-9588-778D63C863BF}.Debug|Any CPU.Build.0 = Debug|Any CPU
		{88EA07FE-B00A-4467-9588-778D63C863BF}.Release|Any CPU.ActiveCfg = Release|Any CPU
		{88EA07FE-B00A-4467-9588-778D63C863BF}.Release|Any CPU.Build.0 = Release|Any CPU
		{0223BF62-BE34-4F1D-82C1-632F8B93E2CC}.Debug|Any CPU.ActiveCfg = Debug|Any CPU
		{0223BF62-BE34-4F1D-82C1-632F8B93E2CC}.Debug|Any CPU.Build.0 = Debug|Any CPU
		{0223BF62-BE34-4F1D-82C1-632F8B93E2CC}.Release|Any CPU.ActiveCfg = Release|Any CPU
		{0223BF62-BE34-4F1D-82C1-632F8B93E2CC}.Release|Any CPU.Build.0 = Release|Any CPU
		{D092F911-31BB-4C46-9859-984BD9497E73}.Debug|Any CPU.ActiveCfg = Debug|Any CPU
		{D092F911-31BB-4C46-9859-984BD9497E73}.Debug|Any CPU.Build.0 = Debug|Any CPU
		{D092F911-31BB-4C46-9859-984BD9497E73}.Release|Any CPU.ActiveCfg = Release|Any CPU
		{D092F911-31BB-4C46-9859-984BD9497E73}.Release|Any CPU.Build.0 = Release|Any CPU
	EndGlobalSection
	GlobalSection(SolutionProperties) = preSolution
		HideSolutionNode = FALSE
	EndGlobalSection
	GlobalSection(ExtensibilityGlobals) = postSolution
		SolutionGuid = {1340C86B-5FD9-4A52-AADD-E721EF261597}
	EndGlobalSection
EndGlobal
