
Microsoft Visual Studio Solution File, Format Version 12.00
# Visual Studio Version 17
VisualStudioVersion = 17.9.34511.98
MinimumVisualStudioVersion = 10.0.40219.1
Project("{9A19103F-16F7-4668-BE54-9A1E7A4F7556}") = "ConsoleApp1", "ConsoleApp1.csproj", "{3B73B218-70D1-45AA-9AD1-0BC297CF31EB}"
EndProject
Project("{9A19103F-16F7-4668-BE54-9A1E7A4F7556}") = "ConsoleApp2", "..\ConsoleApp2\ConsoleApp2.csproj", "{E87605FC-6839-43C4-84FF-71BA914BB06F}"
EndProject
Project("{9A19103F-16F7-4668-BE54-9A1E7A4F7556}") = "Arithmetic", "..\Arithmetic\Arithmetic.csproj", "{9D5F8A6A-E3BD-472B-A688-79A462E0F0C6}"
EndProject
Project("{9A19103F-16F7-4668-BE54-9A1E7A4F7556}") = "EqualityAndRelationalOperators", "..\EqualityAndRelationalOperators\EqualityAndRelationalOperators.csproj", "{E67A07CD-0AB9-4213-B517-5D0F225E3C60}"
EndProject
Project("{9A19103F-16F7-4668-BE54-9A1E7A4F7556}") = "ControlStatementsP1", "..\ControlStatementsP1\ControlStatementsP1.csproj", "{FFF902F7-0B0F-4A59-B781-385137D13A5D}"
EndProject
Project("{9A19103F-16F7-4668-BE54-9A1E7A4F7556}") = "ifStatementClass", "..\ifStatementClass\ifStatementClass.csproj", "{CA580B30-E8BB-47CF-AF87-7B218775CD44}"
EndProject
Project("{9A19103F-16F7-4668-BE54-9A1E7A4F7556}") = "WhileIterationStatement", "..\WhileIterationStatement\WhileIterationStatement.csproj", "{D52A95C7-C17E-41C9-887D-3A9E87DAEA27}"
EndProject
Project("{9A19103F-16F7-4668-BE54-9A1E7A4F7556}") = "WhileIteratorSentinelControlled", "..\WhileIteratorSentinelControlled\WhileIteratorSentinelControlled.csproj", "{7AE54603-3295-4D3D-9778-2C8BAD11E47F}"
EndProject
Project("{9A19103F-16F7-4668-BE54-9A1E7A4F7556}") = "ForIteratorStatement", "..\ForIteratorStatement\ForIteratorStatement.csproj", "{4664F98F-9699-473E-88B3-0B3D0E2BD650}"
EndProject
Project("{9A19103F-16F7-4668-BE54-9A1E7A4F7556}") = "DoWhileStatement", "..\DoWhileStatement\DoWhileStatement.csproj", "{059BE465-0C3D-4854-8A9F-9F12B93515DE}"
EndProject
Project("{9A19103F-16F7-4668-BE54-9A1E7A4F7556}") = "SwitchMultipleStatement", "..\SwitchMultipleStatement\SwitchMultipleStatement.csproj", "{36908F1D-EEA5-4BE6-BEBF-F7F8D07BD178}"
EndProject
Project("{9A19103F-16F7-4668-BE54-9A1E7A4F7556}") = "BreackAndContinueStatements", "..\BreackAndContinueStatements\BreackAndContinueStatements.csproj", "{C3491124-F8A2-40B2-B485-B3BDB7AF9ACA}"
EndProject
Project("{9A19103F-16F7-4668-BE54-9A1E7A4F7556}") = "LogicalOperatorsExample", "..\LogicalOperatorsExample\LogicalOperatorsExample.csproj", "{F824566D-C5EB-4E81-8876-E1CFF44E81F6}"
EndProject
Project("{9A19103F-16F7-4668-BE54-9A1E7A4F7556}") = "Test", "..\Test\Test.csproj", "{526490A1-AF62-4E39-B0D9-68A8FC7A6779}"
EndProject
Project("{9A19103F-16F7-4668-BE54-9A1E7A4F7556}") = "RandomNumberGeneration", "..\RandomNumberGeneration\RandomNumberGeneration.csproj", "{9DFE30A8-48D1-4FA0-A470-983F7B1B9589}"
EndProject
Project("{9A19103F-16F7-4668-BE54-9A1E7A4F7556}") = "ThisIsEnum", "..\ThisIsEnum\ThisIsEnum.csproj", "{532AF9FA-FFF9-41B9-A34C-F0D46A1F699F}"
EndProject
Project("{9A19103F-16F7-4668-BE54-9A1E7A4F7556}") = "ThisIsArrays", "..\ThisIsArrays\ThisIsArrays.csproj", "{C6321A59-DB2C-4C8D-AB9F-1EA22661BA1A}"
EndProject
Project("{9A19103F-16F7-4668-BE54-9A1E7A4F7556}") = "ThisIsMultidimensionalArray", "..\ThisIsMultidimensionalArray\ThisIsMultidimensionalArray.csproj", "{770D0C50-8488-4B86-B3EF-08D5C0DD01F1}"
EndProject
Project("{9A19103F-16F7-4668-BE54-9A1E7A4F7556}") = "VariableLengthArgumentList", "..\VariableLengthArgumentList\VariableLengthArgumentList.csproj", "{D6CCA797-DA3F-4C38-AB8C-AEEAF571A845}"
EndProject
Project("{9A19103F-16F7-4668-BE54-9A1E7A4F7556}") = "UsingCommandLineArguments", "..\UsingCommandLineArguments\UsingCommandLineArguments.csproj", "{C197B1BF-84E6-4827-AC46-5C55CC8E984A}"
EndProject
Project("{9A19103F-16F7-4668-BE54-9A1E7A4F7556}") = "ArrayOfIntValuesUsingLINQ", "..\ArrayOfIntValuesUsingLINQ\ArrayOfIntValuesUsingLINQ.csproj", "{EC23048D-A166-41E2-9928-688B70D057F2}"
EndProject
Project("{9A19103F-16F7-4668-BE54-9A1E7A4F7556}") = "ThisIsCollections", "..\ThisIsCollections\ThisIsCollections.csproj", "{41B33301-38C2-4063-8754-F67C79BDCB21}"
EndProject
Project("{9A19103F-16F7-4668-BE54-9A1E7A4F7556}") = "ThisIsListAndUsingLINQ", "..\ThisIsListAndUsingLINQ\ThisIsListAndUsingLINQ.csproj", "{97D3B2B0-F369-47D3-862F-46A9AD25B3BE}"
EndProject
Project("{9A19103F-16F7-4668-BE54-9A1E7A4F7556}") = "ClassesAndObjects", "..\ClassesAndObjects\ClassesAndObjects.csproj", "{8E93CE6B-171B-47A8-83BE-D55CDA1807EF}"
EndProject
Project("{FAE04EC0-301F-11D3-BF4B-00C04F79EFBC}") = "ThisReference", "..\ThisReference\ThisReference.csproj", "{14728FBA-EFE4-4C44-B5E1-D8CAC60F248C}"
EndProject
Project("{FAE04EC0-301F-11D3-BF4B-00C04F79EFBC}") = "OverloadedConstructors", "..\OverloadedConstructors\OverloadedConstructors.csproj", "{43B38469-052E-4FB1-9693-2AE17909A0D4}"
EndProject
Global
	GlobalSection(SolutionConfigurationPlatforms) = preSolution
		Debug|Any CPU = Debug|Any CPU
		Release|Any CPU = Release|Any CPU
	EndGlobalSection
	GlobalSection(ProjectConfigurationPlatforms) = postSolution
		{3B73B218-70D1-45AA-9AD1-0BC297CF31EB}.Debug|Any CPU.ActiveCfg = Debug|Any CPU
		{3B73B218-70D1-45AA-9AD1-0BC297CF31EB}.Debug|Any CPU.Build.0 = Debug|Any CPU
		{3B73B218-70D1-45AA-9AD1-0BC297CF31EB}.Release|Any CPU.ActiveCfg = Release|Any CPU
		{3B73B218-70D1-45AA-9AD1-0BC297CF31EB}.Release|Any CPU.Build.0 = Release|Any CPU
		{E87605FC-6839-43C4-84FF-71BA914BB06F}.Debug|Any CPU.ActiveCfg = Debug|Any CPU
		{E87605FC-6839-43C4-84FF-71BA914BB06F}.Debug|Any CPU.Build.0 = Debug|Any CPU
		{E87605FC-6839-43C4-84FF-71BA914BB06F}.Release|Any CPU.ActiveCfg = Release|Any CPU
		{E87605FC-6839-43C4-84FF-71BA914BB06F}.Release|Any CPU.Build.0 = Release|Any CPU
		{9D5F8A6A-E3BD-472B-A688-79A462E0F0C6}.Debug|Any CPU.ActiveCfg = Debug|Any CPU
		{9D5F8A6A-E3BD-472B-A688-79A462E0F0C6}.Debug|Any CPU.Build.0 = Debug|Any CPU
		{9D5F8A6A-E3BD-472B-A688-79A462E0F0C6}.Release|Any CPU.ActiveCfg = Release|Any CPU
		{9D5F8A6A-E3BD-472B-A688-79A462E0F0C6}.Release|Any CPU.Build.0 = Release|Any CPU
		{E67A07CD-0AB9-4213-B517-5D0F225E3C60}.Debug|Any CPU.ActiveCfg = Debug|Any CPU
		{E67A07CD-0AB9-4213-B517-5D0F225E3C60}.Debug|Any CPU.Build.0 = Debug|Any CPU
		{E67A07CD-0AB9-4213-B517-5D0F225E3C60}.Release|Any CPU.ActiveCfg = Release|Any CPU
		{E67A07CD-0AB9-4213-B517-5D0F225E3C60}.Release|Any CPU.Build.0 = Release|Any CPU
		{FFF902F7-0B0F-4A59-B781-385137D13A5D}.Debug|Any CPU.ActiveCfg = Debug|Any CPU
		{FFF902F7-0B0F-4A59-B781-385137D13A5D}.Debug|Any CPU.Build.0 = Debug|Any CPU
		{FFF902F7-0B0F-4A59-B781-385137D13A5D}.Release|Any CPU.ActiveCfg = Release|Any CPU
		{FFF902F7-0B0F-4A59-B781-385137D13A5D}.Release|Any CPU.Build.0 = Release|Any CPU
		{CA580B30-E8BB-47CF-AF87-7B218775CD44}.Debug|Any CPU.ActiveCfg = Debug|Any CPU
		{CA580B30-E8BB-47CF-AF87-7B218775CD44}.Debug|Any CPU.Build.0 = Debug|Any CPU
		{CA580B30-E8BB-47CF-AF87-7B218775CD44}.Release|Any CPU.ActiveCfg = Release|Any CPU
		{CA580B30-E8BB-47CF-AF87-7B218775CD44}.Release|Any CPU.Build.0 = Release|Any CPU
		{D52A95C7-C17E-41C9-887D-3A9E87DAEA27}.Debug|Any CPU.ActiveCfg = Debug|Any CPU
		{D52A95C7-C17E-41C9-887D-3A9E87DAEA27}.Debug|Any CPU.Build.0 = Debug|Any CPU
		{D52A95C7-C17E-41C9-887D-3A9E87DAEA27}.Release|Any CPU.ActiveCfg = Release|Any CPU
		{D52A95C7-C17E-41C9-887D-3A9E87DAEA27}.Release|Any CPU.Build.0 = Release|Any CPU
		{7AE54603-3295-4D3D-9778-2C8BAD11E47F}.Debug|Any CPU.ActiveCfg = Debug|Any CPU
		{7AE54603-3295-4D3D-9778-2C8BAD11E47F}.Debug|Any CPU.Build.0 = Debug|Any CPU
		{7AE54603-3295-4D3D-9778-2C8BAD11E47F}.Release|Any CPU.ActiveCfg = Release|Any CPU
		{7AE54603-3295-4D3D-9778-2C8BAD11E47F}.Release|Any CPU.Build.0 = Release|Any CPU
		{4664F98F-9699-473E-88B3-0B3D0E2BD650}.Debug|Any CPU.ActiveCfg = Debug|Any CPU
		{4664F98F-9699-473E-88B3-0B3D0E2BD650}.Debug|Any CPU.Build.0 = Debug|Any CPU
		{4664F98F-9699-473E-88B3-0B3D0E2BD650}.Release|Any CPU.ActiveCfg = Release|Any CPU
		{4664F98F-9699-473E-88B3-0B3D0E2BD650}.Release|Any CPU.Build.0 = Release|Any CPU
		{059BE465-0C3D-4854-8A9F-9F12B93515DE}.Debug|Any CPU.ActiveCfg = Debug|Any CPU
		{059BE465-0C3D-4854-8A9F-9F12B93515DE}.Debug|Any CPU.Build.0 = Debug|Any CPU
		{059BE465-0C3D-4854-8A9F-9F12B93515DE}.Release|Any CPU.ActiveCfg = Release|Any CPU
		{059BE465-0C3D-4854-8A9F-9F12B93515DE}.Release|Any CPU.Build.0 = Release|Any CPU
		{36908F1D-EEA5-4BE6-BEBF-F7F8D07BD178}.Debug|Any CPU.ActiveCfg = Debug|Any CPU
		{36908F1D-EEA5-4BE6-BEBF-F7F8D07BD178}.Debug|Any CPU.Build.0 = Debug|Any CPU
		{36908F1D-EEA5-4BE6-BEBF-F7F8D07BD178}.Release|Any CPU.ActiveCfg = Release|Any CPU
		{36908F1D-EEA5-4BE6-BEBF-F7F8D07BD178}.Release|Any CPU.Build.0 = Release|Any CPU
		{C3491124-F8A2-40B2-B485-B3BDB7AF9ACA}.Debug|Any CPU.ActiveCfg = Debug|Any CPU
		{C3491124-F8A2-40B2-B485-B3BDB7AF9ACA}.Debug|Any CPU.Build.0 = Debug|Any CPU
		{C3491124-F8A2-40B2-B485-B3BDB7AF9ACA}.Release|Any CPU.ActiveCfg = Release|Any CPU
		{C3491124-F8A2-40B2-B485-B3BDB7AF9ACA}.Release|Any CPU.Build.0 = Release|Any CPU
		{F824566D-C5EB-4E81-8876-E1CFF44E81F6}.Debug|Any CPU.ActiveCfg = Debug|Any CPU
		{F824566D-C5EB-4E81-8876-E1CFF44E81F6}.Debug|Any CPU.Build.0 = Debug|Any CPU
		{F824566D-C5EB-4E81-8876-E1CFF44E81F6}.Release|Any CPU.ActiveCfg = Release|Any CPU
		{F824566D-C5EB-4E81-8876-E1CFF44E81F6}.Release|Any CPU.Build.0 = Release|Any CPU
		{526490A1-AF62-4E39-B0D9-68A8FC7A6779}.Debug|Any CPU.ActiveCfg = Debug|Any CPU
		{526490A1-AF62-4E39-B0D9-68A8FC7A6779}.Debug|Any CPU.Build.0 = Debug|Any CPU
		{526490A1-AF62-4E39-B0D9-68A8FC7A6779}.Release|Any CPU.ActiveCfg = Release|Any CPU
		{526490A1-AF62-4E39-B0D9-68A8FC7A6779}.Release|Any CPU.Build.0 = Release|Any CPU
		{9DFE30A8-48D1-4FA0-A470-983F7B1B9589}.Debug|Any CPU.ActiveCfg = Debug|Any CPU
		{9DFE30A8-48D1-4FA0-A470-983F7B1B9589}.Debug|Any CPU.Build.0 = Debug|Any CPU
		{9DFE30A8-48D1-4FA0-A470-983F7B1B9589}.Release|Any CPU.ActiveCfg = Release|Any CPU
		{9DFE30A8-48D1-4FA0-A470-983F7B1B9589}.Release|Any CPU.Build.0 = Release|Any CPU
		{532AF9FA-FFF9-41B9-A34C-F0D46A1F699F}.Debug|Any CPU.ActiveCfg = Debug|Any CPU
		{532AF9FA-FFF9-41B9-A34C-F0D46A1F699F}.Debug|Any CPU.Build.0 = Debug|Any CPU
		{532AF9FA-FFF9-41B9-A34C-F0D46A1F699F}.Release|Any CPU.ActiveCfg = Release|Any CPU
		{532AF9FA-FFF9-41B9-A34C-F0D46A1F699F}.Release|Any CPU.Build.0 = Release|Any CPU
		{C6321A59-DB2C-4C8D-AB9F-1EA22661BA1A}.Debug|Any CPU.ActiveCfg = Debug|Any CPU
		{C6321A59-DB2C-4C8D-AB9F-1EA22661BA1A}.Debug|Any CPU.Build.0 = Debug|Any CPU
		{C6321A59-DB2C-4C8D-AB9F-1EA22661BA1A}.Release|Any CPU.ActiveCfg = Release|Any CPU
		{C6321A59-DB2C-4C8D-AB9F-1EA22661BA1A}.Release|Any CPU.Build.0 = Release|Any CPU
		{770D0C50-8488-4B86-B3EF-08D5C0DD01F1}.Debug|Any CPU.ActiveCfg = Debug|Any CPU
		{770D0C50-8488-4B86-B3EF-08D5C0DD01F1}.Debug|Any CPU.Build.0 = Debug|Any CPU
		{770D0C50-8488-4B86-B3EF-08D5C0DD01F1}.Release|Any CPU.ActiveCfg = Release|Any CPU
		{770D0C50-8488-4B86-B3EF-08D5C0DD01F1}.Release|Any CPU.Build.0 = Release|Any CPU
		{D6CCA797-DA3F-4C38-AB8C-AEEAF571A845}.Debug|Any CPU.ActiveCfg = Debug|Any CPU
		{D6CCA797-DA3F-4C38-AB8C-AEEAF571A845}.Debug|Any CPU.Build.0 = Debug|Any CPU
		{D6CCA797-DA3F-4C38-AB8C-AEEAF571A845}.Release|Any CPU.ActiveCfg = Release|Any CPU
		{D6CCA797-DA3F-4C38-AB8C-AEEAF571A845}.Release|Any CPU.Build.0 = Release|Any CPU
		{C197B1BF-84E6-4827-AC46-5C55CC8E984A}.Debug|Any CPU.ActiveCfg = Debug|Any CPU
		{C197B1BF-84E6-4827-AC46-5C55CC8E984A}.Debug|Any CPU.Build.0 = Debug|Any CPU
		{C197B1BF-84E6-4827-AC46-5C55CC8E984A}.Release|Any CPU.ActiveCfg = Release|Any CPU
		{C197B1BF-84E6-4827-AC46-5C55CC8E984A}.Release|Any CPU.Build.0 = Release|Any CPU
		{EC23048D-A166-41E2-9928-688B70D057F2}.Debug|Any CPU.ActiveCfg = Debug|Any CPU
		{EC23048D-A166-41E2-9928-688B70D057F2}.Debug|Any CPU.Build.0 = Debug|Any CPU
		{EC23048D-A166-41E2-9928-688B70D057F2}.Release|Any CPU.ActiveCfg = Release|Any CPU
		{EC23048D-A166-41E2-9928-688B70D057F2}.Release|Any CPU.Build.0 = Release|Any CPU
		{41B33301-38C2-4063-8754-F67C79BDCB21}.Debug|Any CPU.ActiveCfg = Debug|Any CPU
		{41B33301-38C2-4063-8754-F67C79BDCB21}.Debug|Any CPU.Build.0 = Debug|Any CPU
		{41B33301-38C2-4063-8754-F67C79BDCB21}.Release|Any CPU.ActiveCfg = Release|Any CPU
		{41B33301-38C2-4063-8754-F67C79BDCB21}.Release|Any CPU.Build.0 = Release|Any CPU
		{97D3B2B0-F369-47D3-862F-46A9AD25B3BE}.Debug|Any CPU.ActiveCfg = Debug|Any CPU
		{97D3B2B0-F369-47D3-862F-46A9AD25B3BE}.Debug|Any CPU.Build.0 = Debug|Any CPU
		{97D3B2B0-F369-47D3-862F-46A9AD25B3BE}.Release|Any CPU.ActiveCfg = Release|Any CPU
		{97D3B2B0-F369-47D3-862F-46A9AD25B3BE}.Release|Any CPU.Build.0 = Release|Any CPU
		{8E93CE6B-171B-47A8-83BE-D55CDA1807EF}.Debug|Any CPU.ActiveCfg = Debug|Any CPU
		{8E93CE6B-171B-47A8-83BE-D55CDA1807EF}.Debug|Any CPU.Build.0 = Debug|Any CPU
		{8E93CE6B-171B-47A8-83BE-D55CDA1807EF}.Release|Any CPU.ActiveCfg = Release|Any CPU
		{8E93CE6B-171B-47A8-83BE-D55CDA1807EF}.Release|Any CPU.Build.0 = Release|Any CPU
		{14728FBA-EFE4-4C44-B5E1-D8CAC60F248C}.Debug|Any CPU.ActiveCfg = Debug|Any CPU
		{14728FBA-EFE4-4C44-B5E1-D8CAC60F248C}.Debug|Any CPU.Build.0 = Debug|Any CPU
		{14728FBA-EFE4-4C44-B5E1-D8CAC60F248C}.Release|Any CPU.ActiveCfg = Release|Any CPU
		{14728FBA-EFE4-4C44-B5E1-D8CAC60F248C}.Release|Any CPU.Build.0 = Release|Any CPU
		{43B38469-052E-4FB1-9693-2AE17909A0D4}.Debug|Any CPU.ActiveCfg = Debug|Any CPU
		{43B38469-052E-4FB1-9693-2AE17909A0D4}.Debug|Any CPU.Build.0 = Debug|Any CPU
		{43B38469-052E-4FB1-9693-2AE17909A0D4}.Release|Any CPU.ActiveCfg = Release|Any CPU
		{43B38469-052E-4FB1-9693-2AE17909A0D4}.Release|Any CPU.Build.0 = Release|Any CPU
	EndGlobalSection
	GlobalSection(SolutionProperties) = preSolution
		HideSolutionNode = FALSE
	EndGlobalSection
	GlobalSection(ExtensibilityGlobals) = postSolution
		SolutionGuid = {1340C86B-5FD9-4A52-AADD-E721EF261597}
	EndGlobalSection
EndGlobal
