
Microsoft Visual Studio Solution File, Format Version 12.00
# Visual Studio Version 17
VisualStudioVersion = 17.10.34607.79
MinimumVisualStudioVersion = 10.0.40219.1
Project("{FAE04EC0-301F-11D3-BF4B-00C04F79EFBC}") = "PRACTICE", "PRACTICE\PRACTICE.csproj", "{57AB8452-B390-418D-B91C-2F76DBBB2820}"
EndProject
Project("{FAE04EC0-301F-11D3-BF4B-00C04F79EFBC}") = "PracticeLinq1", "PracticeLinq1\PracticeLinq1.csproj", "{C67D68A6-A345-42AF-B19B-C055058E6EFC}"
EndProject
Project("{FAE04EC0-301F-11D3-BF4B-00C04F79EFBC}") = "Fibonacci Number", "Fibonacci Number\Fibonacci Number.csproj", "{A7DAC810-B810-4C54-8DC8-E4FB747D712C}"
EndProject
Project("{9A19103F-16F7-4668-BE54-9A1E7A4F7556}") = "Recur1", "Recur1\Recur1.csproj", "{3EB05416-B824-4BFB-8BE1-27FA26D8BE86}"
EndProject
Project("{FAE04EC0-301F-11D3-BF4B-00C04F79EFBC}") = "FibonacciSynchronous", "FibonacciSynchronous\FibonacciSynchronous.csproj", "{A26C7702-B1EF-4E3C-82E5-03C38C1A66E4}"
EndProject
Project("{FAE04EC0-301F-11D3-BF4B-00C04F79EFBC}") = "FibonacciAsynchronous", "FibonacciAsynchronous\FibonacciAsynchronous.csproj", "{1C19636D-8E9D-4EC4-9D3C-22CAC6E9723B}"
EndProject
Project("{9A19103F-16F7-4668-BE54-9A1E7A4F7556}") = "PRACTICE2", "PRACTICE2\PRACTICE2.csproj", "{D050A0C2-5798-407B-B108-F5CD3115937A}"
EndProject
Project("{9A19103F-16F7-4668-BE54-9A1E7A4F7556}") = "PRACTICE3", "PRACTICE3\PRACTICE3.csproj", "{211BB943-650E-496E-A604-1784F93C6F80}"
EndProject
Project("{9A19103F-16F7-4668-BE54-9A1E7A4F7556}") = "PracticeLinq2", "PracticeLinq2\PracticeLinq2.csproj", "{33FF44ED-BA87-493F-B5A5-91CD431468F5}"
EndProject
Project("{9A19103F-16F7-4668-BE54-9A1E7A4F7556}") = "PracticeLinq3", "PracticeLinq3\PracticeLinq3.csproj", "{E59A6696-C5F1-43BA-BAEE-8C40CCBD8C42}"
EndProject
Project("{9A19103F-16F7-4668-BE54-9A1E7A4F7556}") = "FundamentsOfDB", "FundamentsOfDB\FundamentsOfDB.csproj", "{BACE90EE-0E33-4293-A13B-04989915063D}"
EndProject
Project("{9A19103F-16F7-4668-BE54-9A1E7A4F7556}") = "PracticeLinq4", "PracticeLinq4\PracticeLinq4.csproj", "{F2F1CC7F-EB31-450C-A5BA-3DC042C7DD53}"
EndProject
Project("{9A19103F-16F7-4668-BE54-9A1E7A4F7556}") = "PracticeFuncProg1", "PracticeFuncProg1\PracticeFuncProg1.csproj", "{3929D3A7-374D-4D41-B10E-8E77E4BFE4EF}"
EndProject
Project("{9A19103F-16F7-4668-BE54-9A1E7A4F7556}") = "Test", "Test\Test.csproj", "{C5A0FCB7-3862-42AD-ADA7-3F9BD46C6D41}"
EndProject
Project("{9A19103F-16F7-4668-BE54-9A1E7A4F7556}") = "PracticeFuncProg2", "PracticeFuncProg2\PracticeFuncProg2.csproj", "{3282B69A-AF0E-4CD5-B06D-61C58EC0B717}"
EndProject
Project("{9A19103F-16F7-4668-BE54-9A1E7A4F7556}") = "PythonScrpt", "PythonScrpt\PythonScrpt.csproj", "{2ACCF4FE-0F85-4A1B-9A62-2F96CF48D395}"
EndProject
Project("{9A19103F-16F7-4668-BE54-9A1E7A4F7556}") = "Socket1", "Socket1\Socket1.csproj", "{FEB8269B-91C0-4422-A1DD-D39D9F105EBF}"
EndProject
Project("{9A19103F-16F7-4668-BE54-9A1E7A4F7556}") = "Socket1_server", "Socket1_server\Socket1_server.csproj", "{84741620-A7F0-4585-AD1A-16F3D49896F2}"
EndProject
Project("{9A19103F-16F7-4668-BE54-9A1E7A4F7556}") = "FileJSON", "FileJSON\FileJSON.csproj", "{C94E7694-B0ED-42E8-8A2A-E2FDBEF51C0E}"
EndProject
Project("{FAE04EC0-301F-11D3-BF4B-00C04F79EFBC}") = "AppDict", "AppDict\AppDict.csproj", "{0C63C1D0-9DC3-40E4-8D16-D4F8EEA358E8}"
EndProject
Project("{FAE04EC0-301F-11D3-BF4B-00C04F79EFBC}") = "PRACTICE4", "PRACTICE4\PRACTICE4.csproj", "{378E424D-07A1-4FDB-BB5D-35D23D474DB7}"
EndProject
Project("{FAE04EC0-301F-11D3-BF4B-00C04F79EFBC}") = "UseDictionary", "UseDictionary\UseDictionary.csproj", "{89FA10C5-1D8E-4B57-A270-4AEA562FED6D}"
EndProject
Project("{9A19103F-16F7-4668-BE54-9A1E7A4F7556}") = "PracticeLinq5", "PracticeLinq5\PracticeLinq5.csproj", "{AEE3B7B3-237C-4FA9-8F41-A74C32678A55}"
EndProject
Project("{9A19103F-16F7-4668-BE54-9A1E7A4F7556}") = "PracticeDictionary", "PracticeDictionary\PracticeDictionary.csproj", "{99274306-CBA4-4EB3-A03B-C1601565AA5A}"
EndProject
Project("{FAE04EC0-301F-11D3-BF4B-00C04F79EFBC}") = "PracticeLinq6", "PracticeLinq6\PracticeLinq6.csproj", "{D8AA3E4F-696B-40D5-BF49-3F7A28151B9E}"
EndProject
Project("{9A19103F-16F7-4668-BE54-9A1E7A4F7556}") = "UseIEnumerable", "UseIEnumerable\UseIEnumerable.csproj", "{78B3BAE5-6C5D-448B-9013-3EADBB5FBAFF}"
EndProject
Project("{FAE04EC0-301F-11D3-BF4B-00C04F79EFBC}") = "UseIEnumerable2", "UseIEnumerable2\UseIEnumerable2.csproj", "{93E5EAFA-059F-4014-BC89-F63AF737B995}"
EndProject
Project("{9A19103F-16F7-4668-BE54-9A1E7A4F7556}") = "UseList1", "UseList1\UseList1.csproj", "{33E2059C-5251-4D07-87C9-89BF7B6CC299}"
EndProject
Project("{9A19103F-16F7-4668-BE54-9A1E7A4F7556}") = "PdfToImg", "PdfToImg\PdfToImg.csproj", "{E08E334F-CED9-4B43-A37B-3A2002380E07}"
EndProject
Project("{888888A0-9F3D-457C-B088-3A5042F75D52}") = "PythonApplication1", "PythonApplication1\PythonApplication1.pyproj", "{E970EBB3-D992-44CD-A244-AFAEC4F5ACDE}"
EndProject
Project("{9A19103F-16F7-4668-BE54-9A1E7A4F7556}") = "ExtensionMethods", "ExtensionMethods\ExtensionMethods.csproj", "{5CB9423A-7D51-4A91-824E-76214229C562}"
EndProject
Project("{9A19103F-16F7-4668-BE54-9A1E7A4F7556}") = "GenericsBasics", "GenericsBasics\GenericsBasics.csproj", "{2E85D452-B9C0-499D-AE69-8A71B2D310A7}"
EndProject
Project("{9A19103F-16F7-4668-BE54-9A1E7A4F7556}") = "TestInterface", "TestInterface\TestInterface.csproj", "{269EBC21-3580-4F40-97E2-E193645EA298}"
EndProject
Project("{9A19103F-16F7-4668-BE54-9A1E7A4F7556}") = "Server", "Server\Server.csproj", "{AF5949BD-9443-4449-9C1E-637733942AB2}"
EndProject
Project("{9A19103F-16F7-4668-BE54-9A1E7A4F7556}") = "Client", "Client\Client.csproj", "{F69205DE-F200-41E4-ACDC-27B012309C85}"
EndProject
Project("{9A19103F-16F7-4668-BE54-9A1E7A4F7556}") = "Queue", "Queue\Queue.csproj", "{30DBE708-253D-4627-8E29-0713EEC13819}"
EndProject
Project("{FAE04EC0-301F-11D3-BF4B-00C04F79EFBC}") = "Server2", "Server2\Server2.csproj", "{0337EE74-9701-4C82-A940-DD65CD6EAC7E}"
EndProject
Project("{FAE04EC0-301F-11D3-BF4B-00C04F79EFBC}") = "DelegatesExample", "DelegatesExample\DelegatesExample.csproj", "{4D95C184-19B2-4C88-A645-5C0CD3D312A5}"
EndProject
Global
	GlobalSection(SolutionConfigurationPlatforms) = preSolution
		Debug|Any CPU = Debug|Any CPU
		Release|Any CPU = Release|Any CPU
	EndGlobalSection
	GlobalSection(ProjectConfigurationPlatforms) = postSolution
		{57AB8452-B390-418D-B91C-2F76DBBB2820}.Debug|Any CPU.ActiveCfg = Debug|Any CPU
		{57AB8452-B390-418D-B91C-2F76DBBB2820}.Debug|Any CPU.Build.0 = Debug|Any CPU
		{57AB8452-B390-418D-B91C-2F76DBBB2820}.Release|Any CPU.ActiveCfg = Release|Any CPU
		{57AB8452-B390-418D-B91C-2F76DBBB2820}.Release|Any CPU.Build.0 = Release|Any CPU
		{C67D68A6-A345-42AF-B19B-C055058E6EFC}.Debug|Any CPU.ActiveCfg = Debug|Any CPU
		{C67D68A6-A345-42AF-B19B-C055058E6EFC}.Debug|Any CPU.Build.0 = Debug|Any CPU
		{C67D68A6-A345-42AF-B19B-C055058E6EFC}.Release|Any CPU.ActiveCfg = Release|Any CPU
		{C67D68A6-A345-42AF-B19B-C055058E6EFC}.Release|Any CPU.Build.0 = Release|Any CPU
		{A7DAC810-B810-4C54-8DC8-E4FB747D712C}.Debug|Any CPU.ActiveCfg = Debug|Any CPU
		{A7DAC810-B810-4C54-8DC8-E4FB747D712C}.Debug|Any CPU.Build.0 = Debug|Any CPU
		{A7DAC810-B810-4C54-8DC8-E4FB747D712C}.Release|Any CPU.ActiveCfg = Release|Any CPU
		{A7DAC810-B810-4C54-8DC8-E4FB747D712C}.Release|Any CPU.Build.0 = Release|Any CPU
		{3EB05416-B824-4BFB-8BE1-27FA26D8BE86}.Debug|Any CPU.ActiveCfg = Debug|Any CPU
		{3EB05416-B824-4BFB-8BE1-27FA26D8BE86}.Debug|Any CPU.Build.0 = Debug|Any CPU
		{3EB05416-B824-4BFB-8BE1-27FA26D8BE86}.Release|Any CPU.ActiveCfg = Release|Any CPU
		{3EB05416-B824-4BFB-8BE1-27FA26D8BE86}.Release|Any CPU.Build.0 = Release|Any CPU
		{A26C7702-B1EF-4E3C-82E5-03C38C1A66E4}.Debug|Any CPU.ActiveCfg = Debug|Any CPU
		{A26C7702-B1EF-4E3C-82E5-03C38C1A66E4}.Debug|Any CPU.Build.0 = Debug|Any CPU
		{A26C7702-B1EF-4E3C-82E5-03C38C1A66E4}.Release|Any CPU.ActiveCfg = Release|Any CPU
		{A26C7702-B1EF-4E3C-82E5-03C38C1A66E4}.Release|Any CPU.Build.0 = Release|Any CPU
		{1C19636D-8E9D-4EC4-9D3C-22CAC6E9723B}.Debug|Any CPU.ActiveCfg = Debug|Any CPU
		{1C19636D-8E9D-4EC4-9D3C-22CAC6E9723B}.Debug|Any CPU.Build.0 = Debug|Any CPU
		{1C19636D-8E9D-4EC4-9D3C-22CAC6E9723B}.Release|Any CPU.ActiveCfg = Release|Any CPU
		{1C19636D-8E9D-4EC4-9D3C-22CAC6E9723B}.Release|Any CPU.Build.0 = Release|Any CPU
		{D050A0C2-5798-407B-B108-F5CD3115937A}.Debug|Any CPU.ActiveCfg = Debug|Any CPU
		{D050A0C2-5798-407B-B108-F5CD3115937A}.Debug|Any CPU.Build.0 = Debug|Any CPU
		{D050A0C2-5798-407B-B108-F5CD3115937A}.Release|Any CPU.ActiveCfg = Release|Any CPU
		{D050A0C2-5798-407B-B108-F5CD3115937A}.Release|Any CPU.Build.0 = Release|Any CPU
		{211BB943-650E-496E-A604-1784F93C6F80}.Debug|Any CPU.ActiveCfg = Debug|Any CPU
		{211BB943-650E-496E-A604-1784F93C6F80}.Debug|Any CPU.Build.0 = Debug|Any CPU
		{211BB943-650E-496E-A604-1784F93C6F80}.Release|Any CPU.ActiveCfg = Release|Any CPU
		{211BB943-650E-496E-A604-1784F93C6F80}.Release|Any CPU.Build.0 = Release|Any CPU
		{33FF44ED-BA87-493F-B5A5-91CD431468F5}.Debug|Any CPU.ActiveCfg = Debug|Any CPU
		{33FF44ED-BA87-493F-B5A5-91CD431468F5}.Debug|Any CPU.Build.0 = Debug|Any CPU
		{33FF44ED-BA87-493F-B5A5-91CD431468F5}.Release|Any CPU.ActiveCfg = Release|Any CPU
		{33FF44ED-BA87-493F-B5A5-91CD431468F5}.Release|Any CPU.Build.0 = Release|Any CPU
		{E59A6696-C5F1-43BA-BAEE-8C40CCBD8C42}.Debug|Any CPU.ActiveCfg = Debug|Any CPU
		{E59A6696-C5F1-43BA-BAEE-8C40CCBD8C42}.Debug|Any CPU.Build.0 = Debug|Any CPU
		{E59A6696-C5F1-43BA-BAEE-8C40CCBD8C42}.Release|Any CPU.ActiveCfg = Release|Any CPU
		{E59A6696-C5F1-43BA-BAEE-8C40CCBD8C42}.Release|Any CPU.Build.0 = Release|Any CPU
		{BACE90EE-0E33-4293-A13B-04989915063D}.Debug|Any CPU.ActiveCfg = Debug|Any CPU
		{BACE90EE-0E33-4293-A13B-04989915063D}.Debug|Any CPU.Build.0 = Debug|Any CPU
		{BACE90EE-0E33-4293-A13B-04989915063D}.Release|Any CPU.ActiveCfg = Release|Any CPU
		{BACE90EE-0E33-4293-A13B-04989915063D}.Release|Any CPU.Build.0 = Release|Any CPU
		{F2F1CC7F-EB31-450C-A5BA-3DC042C7DD53}.Debug|Any CPU.ActiveCfg = Debug|Any CPU
		{F2F1CC7F-EB31-450C-A5BA-3DC042C7DD53}.Debug|Any CPU.Build.0 = Debug|Any CPU
		{F2F1CC7F-EB31-450C-A5BA-3DC042C7DD53}.Release|Any CPU.ActiveCfg = Release|Any CPU
		{F2F1CC7F-EB31-450C-A5BA-3DC042C7DD53}.Release|Any CPU.Build.0 = Release|Any CPU
		{3929D3A7-374D-4D41-B10E-8E77E4BFE4EF}.Debug|Any CPU.ActiveCfg = Debug|Any CPU
		{3929D3A7-374D-4D41-B10E-8E77E4BFE4EF}.Debug|Any CPU.Build.0 = Debug|Any CPU
		{3929D3A7-374D-4D41-B10E-8E77E4BFE4EF}.Release|Any CPU.ActiveCfg = Release|Any CPU
		{3929D3A7-374D-4D41-B10E-8E77E4BFE4EF}.Release|Any CPU.Build.0 = Release|Any CPU
		{C5A0FCB7-3862-42AD-ADA7-3F9BD46C6D41}.Debug|Any CPU.ActiveCfg = Debug|Any CPU
		{C5A0FCB7-3862-42AD-ADA7-3F9BD46C6D41}.Debug|Any CPU.Build.0 = Debug|Any CPU
		{C5A0FCB7-3862-42AD-ADA7-3F9BD46C6D41}.Release|Any CPU.ActiveCfg = Release|Any CPU
		{C5A0FCB7-3862-42AD-ADA7-3F9BD46C6D41}.Release|Any CPU.Build.0 = Release|Any CPU
		{3282B69A-AF0E-4CD5-B06D-61C58EC0B717}.Debug|Any CPU.ActiveCfg = Debug|Any CPU
		{3282B69A-AF0E-4CD5-B06D-61C58EC0B717}.Debug|Any CPU.Build.0 = Debug|Any CPU
		{3282B69A-AF0E-4CD5-B06D-61C58EC0B717}.Release|Any CPU.ActiveCfg = Release|Any CPU
		{3282B69A-AF0E-4CD5-B06D-61C58EC0B717}.Release|Any CPU.Build.0 = Release|Any CPU
		{2ACCF4FE-0F85-4A1B-9A62-2F96CF48D395}.Debug|Any CPU.ActiveCfg = Debug|Any CPU
		{2ACCF4FE-0F85-4A1B-9A62-2F96CF48D395}.Debug|Any CPU.Build.0 = Debug|Any CPU
		{2ACCF4FE-0F85-4A1B-9A62-2F96CF48D395}.Release|Any CPU.ActiveCfg = Release|Any CPU
		{2ACCF4FE-0F85-4A1B-9A62-2F96CF48D395}.Release|Any CPU.Build.0 = Release|Any CPU
		{FEB8269B-91C0-4422-A1DD-D39D9F105EBF}.Debug|Any CPU.ActiveCfg = Debug|Any CPU
		{FEB8269B-91C0-4422-A1DD-D39D9F105EBF}.Debug|Any CPU.Build.0 = Debug|Any CPU
		{FEB8269B-91C0-4422-A1DD-D39D9F105EBF}.Release|Any CPU.ActiveCfg = Release|Any CPU
		{FEB8269B-91C0-4422-A1DD-D39D9F105EBF}.Release|Any CPU.Build.0 = Release|Any CPU
		{84741620-A7F0-4585-AD1A-16F3D49896F2}.Debug|Any CPU.ActiveCfg = Debug|Any CPU
		{84741620-A7F0-4585-AD1A-16F3D49896F2}.Debug|Any CPU.Build.0 = Debug|Any CPU
		{84741620-A7F0-4585-AD1A-16F3D49896F2}.Release|Any CPU.ActiveCfg = Release|Any CPU
		{84741620-A7F0-4585-AD1A-16F3D49896F2}.Release|Any CPU.Build.0 = Release|Any CPU
		{C94E7694-B0ED-42E8-8A2A-E2FDBEF51C0E}.Debug|Any CPU.ActiveCfg = Debug|Any CPU
		{C94E7694-B0ED-42E8-8A2A-E2FDBEF51C0E}.Debug|Any CPU.Build.0 = Debug|Any CPU
		{C94E7694-B0ED-42E8-8A2A-E2FDBEF51C0E}.Release|Any CPU.ActiveCfg = Release|Any CPU
		{C94E7694-B0ED-42E8-8A2A-E2FDBEF51C0E}.Release|Any CPU.Build.0 = Release|Any CPU
		{0C63C1D0-9DC3-40E4-8D16-D4F8EEA358E8}.Debug|Any CPU.ActiveCfg = Debug|Any CPU
		{0C63C1D0-9DC3-40E4-8D16-D4F8EEA358E8}.Debug|Any CPU.Build.0 = Debug|Any CPU
		{0C63C1D0-9DC3-40E4-8D16-D4F8EEA358E8}.Release|Any CPU.ActiveCfg = Release|Any CPU
		{0C63C1D0-9DC3-40E4-8D16-D4F8EEA358E8}.Release|Any CPU.Build.0 = Release|Any CPU
		{378E424D-07A1-4FDB-BB5D-35D23D474DB7}.Debug|Any CPU.ActiveCfg = Debug|Any CPU
		{378E424D-07A1-4FDB-BB5D-35D23D474DB7}.Debug|Any CPU.Build.0 = Debug|Any CPU
		{378E424D-07A1-4FDB-BB5D-35D23D474DB7}.Release|Any CPU.ActiveCfg = Release|Any CPU
		{378E424D-07A1-4FDB-BB5D-35D23D474DB7}.Release|Any CPU.Build.0 = Release|Any CPU
		{89FA10C5-1D8E-4B57-A270-4AEA562FED6D}.Debug|Any CPU.ActiveCfg = Debug|Any CPU
		{89FA10C5-1D8E-4B57-A270-4AEA562FED6D}.Debug|Any CPU.Build.0 = Debug|Any CPU
		{89FA10C5-1D8E-4B57-A270-4AEA562FED6D}.Release|Any CPU.ActiveCfg = Release|Any CPU
		{89FA10C5-1D8E-4B57-A270-4AEA562FED6D}.Release|Any CPU.Build.0 = Release|Any CPU
		{AEE3B7B3-237C-4FA9-8F41-A74C32678A55}.Debug|Any CPU.ActiveCfg = Debug|Any CPU
		{AEE3B7B3-237C-4FA9-8F41-A74C32678A55}.Debug|Any CPU.Build.0 = Debug|Any CPU
		{AEE3B7B3-237C-4FA9-8F41-A74C32678A55}.Release|Any CPU.ActiveCfg = Release|Any CPU
		{AEE3B7B3-237C-4FA9-8F41-A74C32678A55}.Release|Any CPU.Build.0 = Release|Any CPU
		{99274306-CBA4-4EB3-A03B-C1601565AA5A}.Debug|Any CPU.ActiveCfg = Debug|Any CPU
		{99274306-CBA4-4EB3-A03B-C1601565AA5A}.Debug|Any CPU.Build.0 = Debug|Any CPU
		{99274306-CBA4-4EB3-A03B-C1601565AA5A}.Release|Any CPU.ActiveCfg = Release|Any CPU
		{99274306-CBA4-4EB3-A03B-C1601565AA5A}.Release|Any CPU.Build.0 = Release|Any CPU
		{D8AA3E4F-696B-40D5-BF49-3F7A28151B9E}.Debug|Any CPU.ActiveCfg = Debug|Any CPU
		{D8AA3E4F-696B-40D5-BF49-3F7A28151B9E}.Debug|Any CPU.Build.0 = Debug|Any CPU
		{D8AA3E4F-696B-40D5-BF49-3F7A28151B9E}.Release|Any CPU.ActiveCfg = Release|Any CPU
		{D8AA3E4F-696B-40D5-BF49-3F7A28151B9E}.Release|Any CPU.Build.0 = Release|Any CPU
		{78B3BAE5-6C5D-448B-9013-3EADBB5FBAFF}.Debug|Any CPU.ActiveCfg = Debug|Any CPU
		{78B3BAE5-6C5D-448B-9013-3EADBB5FBAFF}.Debug|Any CPU.Build.0 = Debug|Any CPU
		{78B3BAE5-6C5D-448B-9013-3EADBB5FBAFF}.Release|Any CPU.ActiveCfg = Release|Any CPU
		{78B3BAE5-6C5D-448B-9013-3EADBB5FBAFF}.Release|Any CPU.Build.0 = Release|Any CPU
		{93E5EAFA-059F-4014-BC89-F63AF737B995}.Debug|Any CPU.ActiveCfg = Debug|Any CPU
		{93E5EAFA-059F-4014-BC89-F63AF737B995}.Debug|Any CPU.Build.0 = Debug|Any CPU
		{93E5EAFA-059F-4014-BC89-F63AF737B995}.Release|Any CPU.ActiveCfg = Release|Any CPU
		{93E5EAFA-059F-4014-BC89-F63AF737B995}.Release|Any CPU.Build.0 = Release|Any CPU
		{33E2059C-5251-4D07-87C9-89BF7B6CC299}.Debug|Any CPU.ActiveCfg = Debug|Any CPU
		{33E2059C-5251-4D07-87C9-89BF7B6CC299}.Debug|Any CPU.Build.0 = Debug|Any CPU
		{33E2059C-5251-4D07-87C9-89BF7B6CC299}.Release|Any CPU.ActiveCfg = Release|Any CPU
		{33E2059C-5251-4D07-87C9-89BF7B6CC299}.Release|Any CPU.Build.0 = Release|Any CPU
		{E08E334F-CED9-4B43-A37B-3A2002380E07}.Debug|Any CPU.ActiveCfg = Debug|Any CPU
		{E08E334F-CED9-4B43-A37B-3A2002380E07}.Debug|Any CPU.Build.0 = Debug|Any CPU
		{E08E334F-CED9-4B43-A37B-3A2002380E07}.Release|Any CPU.ActiveCfg = Release|Any CPU
		{E08E334F-CED9-4B43-A37B-3A2002380E07}.Release|Any CPU.Build.0 = Release|Any CPU
		{E970EBB3-D992-44CD-A244-AFAEC4F5ACDE}.Debug|Any CPU.ActiveCfg = Debug|Any CPU
		{E970EBB3-D992-44CD-A244-AFAEC4F5ACDE}.Release|Any CPU.ActiveCfg = Release|Any CPU
		{5CB9423A-7D51-4A91-824E-76214229C562}.Debug|Any CPU.ActiveCfg = Debug|Any CPU
		{5CB9423A-7D51-4A91-824E-76214229C562}.Debug|Any CPU.Build.0 = Debug|Any CPU
		{5CB9423A-7D51-4A91-824E-76214229C562}.Release|Any CPU.ActiveCfg = Release|Any CPU
		{5CB9423A-7D51-4A91-824E-76214229C562}.Release|Any CPU.Build.0 = Release|Any CPU
		{2E85D452-B9C0-499D-AE69-8A71B2D310A7}.Debug|Any CPU.ActiveCfg = Debug|Any CPU
		{2E85D452-B9C0-499D-AE69-8A71B2D310A7}.Debug|Any CPU.Build.0 = Debug|Any CPU
		{2E85D452-B9C0-499D-AE69-8A71B2D310A7}.Release|Any CPU.ActiveCfg = Release|Any CPU
		{2E85D452-B9C0-499D-AE69-8A71B2D310A7}.Release|Any CPU.Build.0 = Release|Any CPU
		{269EBC21-3580-4F40-97E2-E193645EA298}.Debug|Any CPU.ActiveCfg = Debug|Any CPU
		{269EBC21-3580-4F40-97E2-E193645EA298}.Debug|Any CPU.Build.0 = Debug|Any CPU
		{269EBC21-3580-4F40-97E2-E193645EA298}.Release|Any CPU.ActiveCfg = Release|Any CPU
		{269EBC21-3580-4F40-97E2-E193645EA298}.Release|Any CPU.Build.0 = Release|Any CPU
		{AF5949BD-9443-4449-9C1E-637733942AB2}.Debug|Any CPU.ActiveCfg = Debug|Any CPU
		{AF5949BD-9443-4449-9C1E-637733942AB2}.Debug|Any CPU.Build.0 = Debug|Any CPU
		{AF5949BD-9443-4449-9C1E-637733942AB2}.Release|Any CPU.ActiveCfg = Release|Any CPU
		{AF5949BD-9443-4449-9C1E-637733942AB2}.Release|Any CPU.Build.0 = Release|Any CPU
		{F69205DE-F200-41E4-ACDC-27B012309C85}.Debug|Any CPU.ActiveCfg = Debug|Any CPU
		{F69205DE-F200-41E4-ACDC-27B012309C85}.Debug|Any CPU.Build.0 = Debug|Any CPU
		{F69205DE-F200-41E4-ACDC-27B012309C85}.Release|Any CPU.ActiveCfg = Release|Any CPU
		{F69205DE-F200-41E4-ACDC-27B012309C85}.Release|Any CPU.Build.0 = Release|Any CPU
		{30DBE708-253D-4627-8E29-0713EEC13819}.Debug|Any CPU.ActiveCfg = Debug|Any CPU
		{30DBE708-253D-4627-8E29-0713EEC13819}.Debug|Any CPU.Build.0 = Debug|Any CPU
		{30DBE708-253D-4627-8E29-0713EEC13819}.Release|Any CPU.ActiveCfg = Release|Any CPU
		{30DBE708-253D-4627-8E29-0713EEC13819}.Release|Any CPU.Build.0 = Release|Any CPU
		{0337EE74-9701-4C82-A940-DD65CD6EAC7E}.Debug|Any CPU.ActiveCfg = Debug|Any CPU
		{0337EE74-9701-4C82-A940-DD65CD6EAC7E}.Debug|Any CPU.Build.0 = Debug|Any CPU
		{0337EE74-9701-4C82-A940-DD65CD6EAC7E}.Release|Any CPU.ActiveCfg = Release|Any CPU
		{0337EE74-9701-4C82-A940-DD65CD6EAC7E}.Release|Any CPU.Build.0 = Release|Any CPU
		{4D95C184-19B2-4C88-A645-5C0CD3D312A5}.Debug|Any CPU.ActiveCfg = Debug|Any CPU
		{4D95C184-19B2-4C88-A645-5C0CD3D312A5}.Debug|Any CPU.Build.0 = Debug|Any CPU
		{4D95C184-19B2-4C88-A645-5C0CD3D312A5}.Release|Any CPU.ActiveCfg = Release|Any CPU
		{4D95C184-19B2-4C88-A645-5C0CD3D312A5}.Release|Any CPU.Build.0 = Release|Any CPU
	EndGlobalSection
	GlobalSection(SolutionProperties) = preSolution
		HideSolutionNode = FALSE
	EndGlobalSection
	GlobalSection(ExtensibilityGlobals) = postSolution
		SolutionGuid = {891D46AC-066C-45ED-97C3-D91A80A05554}
	EndGlobalSection
EndGlobal
